// !$*UTF8*$!
{
	archiveVersion = 1;
	classes = {
	};
	objectVersion = 46;
	objects = {

/* Begin PBXBuildFile section */
		4E1F09E31958CD2300F8C945 /* libz.dylib in Frameworks */ = {isa = PBXBuildFile; fileRef = 4E1F09E21958CD2300F8C945 /* libz.dylib */; };
		4E7D79A5195B6FBE009A4353 /* SDL2_mixer.framework in Frameworks */ = {isa = PBXBuildFile; fileRef = 4E7D79A4195B6FBE009A4353 /* SDL2_mixer.framework */; };
		4E92176D1A3E9C65007074F4 /* luatest.cpp in Sources */ = {isa = PBXBuildFile; fileRef = 4E92176B1A3E9C65007074F4 /* luatest.cpp */; };
		4E92176E1A3E9C65007074F4 /* liblua.a in Frameworks */ = {isa = PBXBuildFile; fileRef = 4E92176C1A3E9C65007074F4 /* liblua.a */; };
		4ED5B7C519F4348C00042E67 /* Game.cpp in Sources */ = {isa = PBXBuildFile; fileRef = 4ED5B7C219F4348C00042E67 /* Game.cpp */; };
		4ED5B7C619F4348C00042E67 /* main.cpp in Sources */ = {isa = PBXBuildFile; fileRef = 4ED5B7C419F4348C00042E67 /* main.cpp */; };
		4ED5B7C919F4349800042E67 /* StateParser.cpp in Sources */ = {isa = PBXBuildFile; fileRef = 4ED5B7C719F4349800042E67 /* StateParser.cpp */; };
		4ED5B7D019F434B900042E67 /* tinystr.cpp in Sources */ = {isa = PBXBuildFile; fileRef = 4ED5B7CA19F434B900042E67 /* tinystr.cpp */; };
		4ED5B7D119F434B900042E67 /* tinyxml.cpp in Sources */ = {isa = PBXBuildFile; fileRef = 4ED5B7CC19F434B900042E67 /* tinyxml.cpp */; };
		4ED5B7D219F434B900042E67 /* tinyxmlerror.cpp in Sources */ = {isa = PBXBuildFile; fileRef = 4ED5B7CE19F434B900042E67 /* tinyxmlerror.cpp */; };
		4ED5B7D319F434B900042E67 /* tinyxmlparser.cpp in Sources */ = {isa = PBXBuildFile; fileRef = 4ED5B7CF19F434B900042E67 /* tinyxmlparser.cpp */; };
		4ED5B7D619F434C000042E67 /* base64.cpp in Sources */ = {isa = PBXBuildFile; fileRef = 4ED5B7D419F434C000042E67 /* base64.cpp */; };
		4ED5B7DD19F434F000042E67 /* Camera.cpp in Sources */ = {isa = PBXBuildFile; fileRef = 4ED5B7D719F434F000042E67 /* Camera.cpp */; };
		4ED5B7DE19F434F000042E67 /* TextureManager.cpp in Sources */ = {isa = PBXBuildFile; fileRef = 4ED5B7D919F434F000042E67 /* TextureManager.cpp */; };
		4ED5B7DF19F434F000042E67 /* TilesetManager.cpp in Sources */ = {isa = PBXBuildFile; fileRef = 4ED5B7DB19F434F000042E67 /* TilesetManager.cpp */; };
		4ED5B7E319F434F700042E67 /* InputHandler.cpp in Sources */ = {isa = PBXBuildFile; fileRef = 4ED5B7E119F434F700042E67 /* InputHandler.cpp */; };
		4ED5B7E619F4350100042E67 /* SoundManager.cpp in Sources */ = {isa = PBXBuildFile; fileRef = 4ED5B7E419F4350100042E67 /* SoundManager.cpp */; };
		4ED5B7F319F4350C00042E67 /* CollisionHandler.cpp in Sources */ = {isa = PBXBuildFile; fileRef = 4ED5B7E719F4350C00042E67 /* CollisionHandler.cpp */; };
		4ED5B7F419F4350C00042E67 /* CollisionManager.cpp in Sources */ = {isa = PBXBuildFile; fileRef = 4ED5B7E919F4350C00042E67 /* CollisionManager.cpp */; };
		4ED5B7F519F4350C00042E67 /* EnemyEventHandler.cpp in Sources */ = {isa = PBXBuildFile; fileRef = 4ED5B7EB19F4350C00042E67 /* EnemyEventHandler.cpp */; };
		4ED5B7F619F4350C00042E67 /* Event.cpp in Sources */ = {isa = PBXBuildFile; fileRef = 4ED5B7ED19F4350C00042E67 /* Event.cpp */; };
		4ED5B7F719F4350C00042E67 /* EventHandler.cpp in Sources */ = {isa = PBXBuildFile; fileRef = 4ED5B7EF19F4350C00042E67 /* EventHandler.cpp */; };
		4ED5B7F819F4350C00042E67 /* EventManager.cpp in Sources */ = {isa = PBXBuildFile; fileRef = 4ED5B7F119F4350C00042E67 /* EventManager.cpp */; };
		4ED5B80719F4352B00042E67 /* GameOverState.cpp in Sources */ = {isa = PBXBuildFile; fileRef = 4ED5B7F919F4352B00042E67 /* GameOverState.cpp */; };
		4ED5B80819F4352B00042E67 /* GameStateMachine.cpp in Sources */ = {isa = PBXBuildFile; fileRef = 4ED5B7FB19F4352B00042E67 /* GameStateMachine.cpp */; };
		4ED5B80919F4352B00042E67 /* IGameState.cpp in Sources */ = {isa = PBXBuildFile; fileRef = 4ED5B7FD19F4352B00042E67 /* IGameState.cpp */; };
		4ED5B80A19F4352B00042E67 /* MainMenuState.cpp in Sources */ = {isa = PBXBuildFile; fileRef = 4ED5B7FF19F4352B00042E67 /* MainMenuState.cpp */; };
		4ED5B80B19F4352B00042E67 /* MenuState.cpp in Sources */ = {isa = PBXBuildFile; fileRef = 4ED5B80119F4352B00042E67 /* MenuState.cpp */; };
		4ED5B80C19F4352B00042E67 /* PauseState.cpp in Sources */ = {isa = PBXBuildFile; fileRef = 4ED5B80319F4352B00042E67 /* PauseState.cpp */; };
		4ED5B80D19F4352B00042E67 /* PlayState.cpp in Sources */ = {isa = PBXBuildFile; fileRef = 4ED5B80519F4352B00042E67 /* PlayState.cpp */; };
		4ED5B81719F4354600042E67 /* Enemy.cpp in Sources */ = {isa = PBXBuildFile; fileRef = 4ED5B80F19F4354600042E67 /* Enemy.cpp */; };
		4ED5B81819F4354600042E67 /* Item.cpp in Sources */ = {isa = PBXBuildFile; fileRef = 4ED5B81119F4354600042E67 /* Item.cpp */; };
		4ED5B81919F4354600042E67 /* Light.cpp in Sources */ = {isa = PBXBuildFile; fileRef = 4ED5B81319F4354600042E67 /* Light.cpp */; };
		4ED5B81A19F4354600042E67 /* Player.cpp in Sources */ = {isa = PBXBuildFile; fileRef = 4ED5B81519F4354600042E67 /* Player.cpp */; };
		4ED5B81F19F4355300042E67 /* AnimatedGraphic.cpp in Sources */ = {isa = PBXBuildFile; fileRef = 4ED5B81B19F4355300042E67 /* AnimatedGraphic.cpp */; };
		4ED5B82019F4355300042E67 /* MenuButton.cpp in Sources */ = {isa = PBXBuildFile; fileRef = 4ED5B81D19F4355300042E67 /* MenuButton.cpp */; };
		4ED5B82A19F4355A00042E67 /* GameObjectFactory.cpp in Sources */ = {isa = PBXBuildFile; fileRef = 4ED5B82219F4355A00042E67 /* GameObjectFactory.cpp */; };
		4ED5B82B19F4355A00042E67 /* GameObjectParams.cpp in Sources */ = {isa = PBXBuildFile; fileRef = 4ED5B82419F4355A00042E67 /* GameObjectParams.cpp */; };
		4ED5B82C19F4355A00042E67 /* IGameObject.cpp in Sources */ = {isa = PBXBuildFile; fileRef = 4ED5B82619F4355A00042E67 /* IGameObject.cpp */; };
		4ED5B82D19F4355A00042E67 /* SDLGameObject.cpp in Sources */ = {isa = PBXBuildFile; fileRef = 4ED5B82819F4355A00042E67 /* SDLGameObject.cpp */; };
		4ED5B83319F4356F00042E67 /* Level.cpp in Sources */ = {isa = PBXBuildFile; fileRef = 4ED5B82E19F4356F00042E67 /* Level.cpp */; };
		4ED5B83419F4356F00042E67 /* LevelParser.cpp in Sources */ = {isa = PBXBuildFile; fileRef = 4ED5B83019F4356F00042E67 /* LevelParser.cpp */; };
		4ED5B83B19F4357D00042E67 /* ILayer.cpp in Sources */ = {isa = PBXBuildFile; fileRef = 4ED5B83519F4357D00042E67 /* ILayer.cpp */; };
		4ED5B83C19F4357D00042E67 /* ObjectLayer.cpp in Sources */ = {isa = PBXBuildFile; fileRef = 4ED5B83719F4357D00042E67 /* ObjectLayer.cpp */; };
		4ED5B83D19F4357D00042E67 /* TileLayer.cpp in Sources */ = {isa = PBXBuildFile; fileRef = 4ED5B83919F4357D00042E67 /* TileLayer.cpp */; };
		4ED5B84019F4358600042E67 /* Vector2D.cpp in Sources */ = {isa = PBXBuildFile; fileRef = 4ED5B83E19F4358600042E67 /* Vector2D.cpp */; };
		4EFF5C43190741D3003074F9 /* SDL2_image.framework in Frameworks */ = {isa = PBXBuildFile; fileRef = 4EFF5C42190741D3003074F9 /* SDL2_image.framework */; };
/* End PBXBuildFile section */

/* Begin PBXCopyFilesBuildPhase section */
		4E0AEB4E190421570031C463 /* Scripts */ = {
			isa = PBXCopyFilesBuildPhase;
			buildActionMask = 12;
			dstPath = scripts;
			dstSubfolderSpec = 7;
			files = (
			);
			name = Scripts;
			runOnlyForDeploymentPostprocessing = 0;
		};
/* End PBXCopyFilesBuildPhase section */

/* Begin PBXFileReference section */
		4E0AEB50190421570031C463 /* SDLGameEngine.app */ = {isa = PBXFileReference; explicitFileType = wrapper.application; includeInIndex = 0; path = SDLGameEngine.app; sourceTree = BUILT_PRODUCTS_DIR; };
		4E1F09E21958CD2300F8C945 /* libz.dylib */ = {isa = PBXFileReference; lastKnownFileType = "compiled.mach-o.dylib"; name = libz.dylib; path = usr/lib/libz.dylib; sourceTree = SDKROOT; };
		4E7D79A4195B6FBE009A4353 /* SDL2_mixer.framework */ = {isa = PBXFileReference; lastKnownFileType = wrapper.framework; name = SDL2_mixer.framework; path = ../../../../../../../Library/Frameworks/SDL2_mixer.framework; sourceTree = "<group>"; };
		4E9217661A3E9C65007074F4 /* lauxlib.h */ = {isa = PBXFileReference; fileEncoding = 4; lastKnownFileType = sourcecode.c.h; name = lauxlib.h; path = script/3rdparty/lua/lauxlib.h; sourceTree = "<group>"; };
		4E9217671A3E9C65007074F4 /* lua.h */ = {isa = PBXFileReference; fileEncoding = 4; lastKnownFileType = sourcecode.c.h; name = lua.h; path = script/3rdparty/lua/lua.h; sourceTree = "<group>"; };
		4E9217681A3E9C65007074F4 /* lua.hpp */ = {isa = PBXFileReference; fileEncoding = 4; lastKnownFileType = sourcecode.cpp.h; name = lua.hpp; path = script/3rdparty/lua/lua.hpp; sourceTree = "<group>"; };
		4E9217691A3E9C65007074F4 /* luaconf.h */ = {isa = PBXFileReference; fileEncoding = 4; lastKnownFileType = sourcecode.c.h; name = luaconf.h; path = script/3rdparty/lua/luaconf.h; sourceTree = "<group>"; };
		4E92176A1A3E9C65007074F4 /* lualib.h */ = {isa = PBXFileReference; fileEncoding = 4; lastKnownFileType = sourcecode.c.h; name = lualib.h; path = script/3rdparty/lua/lualib.h; sourceTree = "<group>"; };
		4E92176B1A3E9C65007074F4 /* luatest.cpp */ = {isa = PBXFileReference; fileEncoding = 4; lastKnownFileType = sourcecode.cpp.cpp; name = luatest.cpp; path = script/3rdparty/lua/luatest.cpp; sourceTree = "<group>"; };
		4E92176C1A3E9C65007074F4 /* liblua.a */ = {isa = PBXFileReference; lastKnownFileType = archive.ar; name = liblua.a; path = script/3rdparty/lua/liblua.a; sourceTree = "<group>"; };
		4EC0757C198ACA870055E3A9 /* library.xml */ = {isa = PBXFileReference; fileEncoding = 4; lastKnownFileType = text.xml; name = library.xml; path = "../../../../../Library/Developer/Xcode/DerivedData/SDLGameEngine-cirhytxyimcfxyfnomzrvrnwccbl/Build/Products/Debug/res/lib/xml/library.xml"; sourceTree = "<group>"; };
		4EC927DE198ECDAF00BEE30E /* Test.xml */ = {isa = PBXFileReference; fileEncoding = 4; lastKnownFileType = text.xml; name = Test.xml; path = "../../../../../Library/Developer/Xcode/DerivedData/SDLGameEngine-cirhytxyimcfxyfnomzrvrnwccbl/Build/Products/Debug/res/lib/xml/Test.xml"; sourceTree = "<group>"; };
		4ED5B7C219F4348C00042E67 /* Game.cpp */ = {isa = PBXFileReference; fileEncoding = 4; lastKnownFileType = sourcecode.cpp.cpp; name = Game.cpp; path = main/Game.cpp; sourceTree = "<group>"; };
		4ED5B7C319F4348C00042E67 /* Game.h */ = {isa = PBXFileReference; fileEncoding = 4; lastKnownFileType = sourcecode.c.h; name = Game.h; path = main/Game.h; sourceTree = "<group>"; };
		4ED5B7C419F4348C00042E67 /* main.cpp */ = {isa = PBXFileReference; fileEncoding = 4; lastKnownFileType = sourcecode.cpp.cpp; name = main.cpp; path = main/main.cpp; sourceTree = "<group>"; };
		4ED5B7C719F4349800042E67 /* StateParser.cpp */ = {isa = PBXFileReference; fileEncoding = 4; lastKnownFileType = sourcecode.cpp.cpp; name = StateParser.cpp; path = script/StateParser.cpp; sourceTree = "<group>"; };
		4ED5B7C819F4349800042E67 /* StateParser.h */ = {isa = PBXFileReference; fileEncoding = 4; lastKnownFileType = sourcecode.c.h; name = StateParser.h; path = script/StateParser.h; sourceTree = "<group>"; };
		4ED5B7CA19F434B900042E67 /* tinystr.cpp */ = {isa = PBXFileReference; fileEncoding = 4; lastKnownFileType = sourcecode.cpp.cpp; name = tinystr.cpp; path = script/3rdparty/xml/tinystr.cpp; sourceTree = "<group>"; };
		4ED5B7CB19F434B900042E67 /* tinystr.h */ = {isa = PBXFileReference; fileEncoding = 4; lastKnownFileType = sourcecode.c.h; name = tinystr.h; path = script/3rdparty/xml/tinystr.h; sourceTree = "<group>"; };
		4ED5B7CC19F434B900042E67 /* tinyxml.cpp */ = {isa = PBXFileReference; fileEncoding = 4; lastKnownFileType = sourcecode.cpp.cpp; name = tinyxml.cpp; path = script/3rdparty/xml/tinyxml.cpp; sourceTree = "<group>"; };
		4ED5B7CD19F434B900042E67 /* tinyxml.h */ = {isa = PBXFileReference; fileEncoding = 4; lastKnownFileType = sourcecode.c.h; name = tinyxml.h; path = script/3rdparty/xml/tinyxml.h; sourceTree = "<group>"; };
		4ED5B7CE19F434B900042E67 /* tinyxmlerror.cpp */ = {isa = PBXFileReference; fileEncoding = 4; lastKnownFileType = sourcecode.cpp.cpp; name = tinyxmlerror.cpp; path = script/3rdparty/xml/tinyxmlerror.cpp; sourceTree = "<group>"; };
		4ED5B7CF19F434B900042E67 /* tinyxmlparser.cpp */ = {isa = PBXFileReference; fileEncoding = 4; lastKnownFileType = sourcecode.cpp.cpp; name = tinyxmlparser.cpp; path = script/3rdparty/xml/tinyxmlparser.cpp; sourceTree = "<group>"; };
		4ED5B7D419F434C000042E67 /* base64.cpp */ = {isa = PBXFileReference; fileEncoding = 4; lastKnownFileType = sourcecode.cpp.cpp; name = base64.cpp; path = script/3rdparty/compression/base64.cpp; sourceTree = "<group>"; };
		4ED5B7D519F434C000042E67 /* base64.h */ = {isa = PBXFileReference; fileEncoding = 4; lastKnownFileType = sourcecode.c.h; name = base64.h; path = script/3rdparty/compression/base64.h; sourceTree = "<group>"; };
		4ED5B7D719F434F000042E67 /* Camera.cpp */ = {isa = PBXFileReference; fileEncoding = 4; lastKnownFileType = sourcecode.cpp.cpp; name = Camera.cpp; path = systems/render/Camera.cpp; sourceTree = "<group>"; };
		4ED5B7D819F434F000042E67 /* Camera.h */ = {isa = PBXFileReference; fileEncoding = 4; lastKnownFileType = sourcecode.c.h; name = Camera.h; path = systems/render/Camera.h; sourceTree = "<group>"; };
		4ED5B7D919F434F000042E67 /* TextureManager.cpp */ = {isa = PBXFileReference; fileEncoding = 4; lastKnownFileType = sourcecode.cpp.cpp; name = TextureManager.cpp; path = systems/render/TextureManager.cpp; sourceTree = "<group>"; };
		4ED5B7DA19F434F000042E67 /* TextureManager.h */ = {isa = PBXFileReference; fileEncoding = 4; lastKnownFileType = sourcecode.c.h; name = TextureManager.h; path = systems/render/TextureManager.h; sourceTree = "<group>"; };
		4ED5B7DB19F434F000042E67 /* TilesetManager.cpp */ = {isa = PBXFileReference; fileEncoding = 4; lastKnownFileType = sourcecode.cpp.cpp; name = TilesetManager.cpp; path = systems/render/TilesetManager.cpp; sourceTree = "<group>"; };
		4ED5B7DC19F434F000042E67 /* TilesetManager.h */ = {isa = PBXFileReference; fileEncoding = 4; lastKnownFileType = sourcecode.c.h; name = TilesetManager.h; path = systems/render/TilesetManager.h; sourceTree = "<group>"; };
		4ED5B7E019F434F700042E67 /* ControllerConfig.h */ = {isa = PBXFileReference; fileEncoding = 4; lastKnownFileType = sourcecode.c.h; name = ControllerConfig.h; path = systems/input/ControllerConfig.h; sourceTree = "<group>"; };
		4ED5B7E119F434F700042E67 /* InputHandler.cpp */ = {isa = PBXFileReference; fileEncoding = 4; lastKnownFileType = sourcecode.cpp.cpp; name = InputHandler.cpp; path = systems/input/InputHandler.cpp; sourceTree = "<group>"; };
		4ED5B7E219F434F700042E67 /* InputHandler.h */ = {isa = PBXFileReference; fileEncoding = 4; lastKnownFileType = sourcecode.c.h; name = InputHandler.h; path = systems/input/InputHandler.h; sourceTree = "<group>"; };
		4ED5B7E419F4350100042E67 /* SoundManager.cpp */ = {isa = PBXFileReference; fileEncoding = 4; lastKnownFileType = sourcecode.cpp.cpp; name = SoundManager.cpp; path = systems/audio/SoundManager.cpp; sourceTree = "<group>"; };
		4ED5B7E519F4350100042E67 /* SoundManager.h */ = {isa = PBXFileReference; fileEncoding = 4; lastKnownFileType = sourcecode.c.h; name = SoundManager.h; path = systems/audio/SoundManager.h; sourceTree = "<group>"; };
		4ED5B7E719F4350C00042E67 /* CollisionHandler.cpp */ = {isa = PBXFileReference; fileEncoding = 4; lastKnownFileType = sourcecode.cpp.cpp; name = CollisionHandler.cpp; path = systems/event/CollisionHandler.cpp; sourceTree = "<group>"; };
		4ED5B7E819F4350C00042E67 /* CollisionHandler.h */ = {isa = PBXFileReference; fileEncoding = 4; lastKnownFileType = sourcecode.c.h; name = CollisionHandler.h; path = systems/event/CollisionHandler.h; sourceTree = "<group>"; };
		4ED5B7E919F4350C00042E67 /* CollisionManager.cpp */ = {isa = PBXFileReference; fileEncoding = 4; lastKnownFileType = sourcecode.cpp.cpp; name = CollisionManager.cpp; path = systems/event/CollisionManager.cpp; sourceTree = "<group>"; };
		4ED5B7EA19F4350C00042E67 /* CollisionManager.h */ = {isa = PBXFileReference; fileEncoding = 4; lastKnownFileType = sourcecode.c.h; name = CollisionManager.h; path = systems/event/CollisionManager.h; sourceTree = "<group>"; };
		4ED5B7EB19F4350C00042E67 /* EnemyEventHandler.cpp */ = {isa = PBXFileReference; fileEncoding = 4; lastKnownFileType = sourcecode.cpp.cpp; name = EnemyEventHandler.cpp; path = systems/event/EnemyEventHandler.cpp; sourceTree = "<group>"; };
		4ED5B7EC19F4350C00042E67 /* EnemyEventHandler.h */ = {isa = PBXFileReference; fileEncoding = 4; lastKnownFileType = sourcecode.c.h; name = EnemyEventHandler.h; path = systems/event/EnemyEventHandler.h; sourceTree = "<group>"; };
		4ED5B7ED19F4350C00042E67 /* Event.cpp */ = {isa = PBXFileReference; fileEncoding = 4; lastKnownFileType = sourcecode.cpp.cpp; name = Event.cpp; path = systems/event/Event.cpp; sourceTree = "<group>"; };
		4ED5B7EE19F4350C00042E67 /* Event.h */ = {isa = PBXFileReference; fileEncoding = 4; lastKnownFileType = sourcecode.c.h; name = Event.h; path = systems/event/Event.h; sourceTree = "<group>"; };
		4ED5B7EF19F4350C00042E67 /* EventHandler.cpp */ = {isa = PBXFileReference; fileEncoding = 4; lastKnownFileType = sourcecode.cpp.cpp; name = EventHandler.cpp; path = systems/event/EventHandler.cpp; sourceTree = "<group>"; };
		4ED5B7F019F4350C00042E67 /* EventHandler.h */ = {isa = PBXFileReference; fileEncoding = 4; lastKnownFileType = sourcecode.c.h; name = EventHandler.h; path = systems/event/EventHandler.h; sourceTree = "<group>"; };
		4ED5B7F119F4350C00042E67 /* EventManager.cpp */ = {isa = PBXFileReference; fileEncoding = 4; lastKnownFileType = sourcecode.cpp.cpp; name = EventManager.cpp; path = systems/event/EventManager.cpp; sourceTree = "<group>"; };
		4ED5B7F219F4350C00042E67 /* EventManager.h */ = {isa = PBXFileReference; fileEncoding = 4; lastKnownFileType = sourcecode.c.h; name = EventManager.h; path = systems/event/EventManager.h; sourceTree = "<group>"; };
		4ED5B7F919F4352B00042E67 /* GameOverState.cpp */ = {isa = PBXFileReference; fileEncoding = 4; lastKnownFileType = sourcecode.cpp.cpp; name = GameOverState.cpp; path = gamestates/GameOverState.cpp; sourceTree = "<group>"; };
		4ED5B7FA19F4352B00042E67 /* GameOverState.h */ = {isa = PBXFileReference; fileEncoding = 4; lastKnownFileType = sourcecode.c.h; name = GameOverState.h; path = gamestates/GameOverState.h; sourceTree = "<group>"; };
		4ED5B7FB19F4352B00042E67 /* GameStateMachine.cpp */ = {isa = PBXFileReference; fileEncoding = 4; lastKnownFileType = sourcecode.cpp.cpp; name = GameStateMachine.cpp; path = gamestates/GameStateMachine.cpp; sourceTree = "<group>"; };
		4ED5B7FC19F4352B00042E67 /* GameStateMachine.h */ = {isa = PBXFileReference; fileEncoding = 4; lastKnownFileType = sourcecode.c.h; name = GameStateMachine.h; path = gamestates/GameStateMachine.h; sourceTree = "<group>"; };
		4ED5B7FD19F4352B00042E67 /* IGameState.cpp */ = {isa = PBXFileReference; fileEncoding = 4; lastKnownFileType = sourcecode.cpp.cpp; name = IGameState.cpp; path = gamestates/IGameState.cpp; sourceTree = "<group>"; };
		4ED5B7FE19F4352B00042E67 /* IGameState.h */ = {isa = PBXFileReference; fileEncoding = 4; lastKnownFileType = sourcecode.c.h; name = IGameState.h; path = gamestates/IGameState.h; sourceTree = "<group>"; };
		4ED5B7FF19F4352B00042E67 /* MainMenuState.cpp */ = {isa = PBXFileReference; fileEncoding = 4; lastKnownFileType = sourcecode.cpp.cpp; name = MainMenuState.cpp; path = gamestates/MainMenuState.cpp; sourceTree = "<group>"; };
		4ED5B80019F4352B00042E67 /* MainMenuState.h */ = {isa = PBXFileReference; fileEncoding = 4; lastKnownFileType = sourcecode.c.h; name = MainMenuState.h; path = gamestates/MainMenuState.h; sourceTree = "<group>"; };
		4ED5B80119F4352B00042E67 /* MenuState.cpp */ = {isa = PBXFileReference; fileEncoding = 4; lastKnownFileType = sourcecode.cpp.cpp; name = MenuState.cpp; path = gamestates/MenuState.cpp; sourceTree = "<group>"; };
		4ED5B80219F4352B00042E67 /* MenuState.h */ = {isa = PBXFileReference; fileEncoding = 4; lastKnownFileType = sourcecode.c.h; name = MenuState.h; path = gamestates/MenuState.h; sourceTree = "<group>"; };
		4ED5B80319F4352B00042E67 /* PauseState.cpp */ = {isa = PBXFileReference; fileEncoding = 4; lastKnownFileType = sourcecode.cpp.cpp; name = PauseState.cpp; path = gamestates/PauseState.cpp; sourceTree = "<group>"; };
		4ED5B80419F4352B00042E67 /* PauseState.h */ = {isa = PBXFileReference; fileEncoding = 4; lastKnownFileType = sourcecode.c.h; name = PauseState.h; path = gamestates/PauseState.h; sourceTree = "<group>"; };
		4ED5B80519F4352B00042E67 /* PlayState.cpp */ = {isa = PBXFileReference; fileEncoding = 4; lastKnownFileType = sourcecode.cpp.cpp; name = PlayState.cpp; path = gamestates/PlayState.cpp; sourceTree = "<group>"; };
		4ED5B80619F4352B00042E67 /* PlayState.h */ = {isa = PBXFileReference; fileEncoding = 4; lastKnownFileType = sourcecode.c.h; name = PlayState.h; path = gamestates/PlayState.h; sourceTree = "<group>"; };
		4ED5B80F19F4354600042E67 /* Enemy.cpp */ = {isa = PBXFileReference; fileEncoding = 4; lastKnownFileType = sourcecode.cpp.cpp; name = Enemy.cpp; path = objects/game/Enemy.cpp; sourceTree = "<group>"; };
		4ED5B81019F4354600042E67 /* Enemy.h */ = {isa = PBXFileReference; fileEncoding = 4; lastKnownFileType = sourcecode.c.h; name = Enemy.h; path = objects/game/Enemy.h; sourceTree = "<group>"; };
		4ED5B81119F4354600042E67 /* Item.cpp */ = {isa = PBXFileReference; fileEncoding = 4; lastKnownFileType = sourcecode.cpp.cpp; name = Item.cpp; path = objects/game/Item.cpp; sourceTree = "<group>"; };
		4ED5B81219F4354600042E67 /* Item.h */ = {isa = PBXFileReference; fileEncoding = 4; lastKnownFileType = sourcecode.c.h; name = Item.h; path = objects/game/Item.h; sourceTree = "<group>"; };
		4ED5B81319F4354600042E67 /* Light.cpp */ = {isa = PBXFileReference; fileEncoding = 4; lastKnownFileType = sourcecode.cpp.cpp; name = Light.cpp; path = objects/game/Light.cpp; sourceTree = "<group>"; };
		4ED5B81419F4354600042E67 /* Light.h */ = {isa = PBXFileReference; fileEncoding = 4; lastKnownFileType = sourcecode.c.h; name = Light.h; path = objects/game/Light.h; sourceTree = "<group>"; };
		4ED5B81519F4354600042E67 /* Player.cpp */ = {isa = PBXFileReference; fileEncoding = 4; lastKnownFileType = sourcecode.cpp.cpp; name = Player.cpp; path = objects/game/Player.cpp; sourceTree = "<group>"; };
		4ED5B81619F4354600042E67 /* Player.h */ = {isa = PBXFileReference; fileEncoding = 4; lastKnownFileType = sourcecode.c.h; name = Player.h; path = objects/game/Player.h; sourceTree = "<group>"; };
		4ED5B81B19F4355300042E67 /* AnimatedGraphic.cpp */ = {isa = PBXFileReference; fileEncoding = 4; lastKnownFileType = sourcecode.cpp.cpp; name = AnimatedGraphic.cpp; path = objects/ui/AnimatedGraphic.cpp; sourceTree = "<group>"; };
		4ED5B81C19F4355300042E67 /* AnimatedGraphic.h */ = {isa = PBXFileReference; fileEncoding = 4; lastKnownFileType = sourcecode.c.h; name = AnimatedGraphic.h; path = objects/ui/AnimatedGraphic.h; sourceTree = "<group>"; };
		4ED5B81D19F4355300042E67 /* MenuButton.cpp */ = {isa = PBXFileReference; fileEncoding = 4; lastKnownFileType = sourcecode.cpp.cpp; name = MenuButton.cpp; path = objects/ui/MenuButton.cpp; sourceTree = "<group>"; };
		4ED5B81E19F4355300042E67 /* MenuButton.h */ = {isa = PBXFileReference; fileEncoding = 4; lastKnownFileType = sourcecode.c.h; name = MenuButton.h; path = objects/ui/MenuButton.h; sourceTree = "<group>"; };
		4ED5B82119F4355A00042E67 /* GameObjectCreators.pch */ = {isa = PBXFileReference; fileEncoding = 4; lastKnownFileType = sourcecode.c.h; name = GameObjectCreators.pch; path = objects/generics/GameObjectCreators.pch; sourceTree = "<group>"; };
		4ED5B82219F4355A00042E67 /* GameObjectFactory.cpp */ = {isa = PBXFileReference; fileEncoding = 4; lastKnownFileType = sourcecode.cpp.cpp; name = GameObjectFactory.cpp; path = objects/generics/GameObjectFactory.cpp; sourceTree = "<group>"; };
		4ED5B82319F4355A00042E67 /* GameObjectFactory.h */ = {isa = PBXFileReference; fileEncoding = 4; lastKnownFileType = sourcecode.c.h; name = GameObjectFactory.h; path = objects/generics/GameObjectFactory.h; sourceTree = "<group>"; };
		4ED5B82419F4355A00042E67 /* GameObjectParams.cpp */ = {isa = PBXFileReference; fileEncoding = 4; lastKnownFileType = sourcecode.cpp.cpp; name = GameObjectParams.cpp; path = objects/generics/GameObjectParams.cpp; sourceTree = "<group>"; };
		4ED5B82519F4355A00042E67 /* GameObjectParams.h */ = {isa = PBXFileReference; fileEncoding = 4; lastKnownFileType = sourcecode.c.h; name = GameObjectParams.h; path = objects/generics/GameObjectParams.h; sourceTree = "<group>"; };
		4ED5B82619F4355A00042E67 /* IGameObject.cpp */ = {isa = PBXFileReference; fileEncoding = 4; lastKnownFileType = sourcecode.cpp.cpp; name = IGameObject.cpp; path = objects/generics/IGameObject.cpp; sourceTree = "<group>"; };
		4ED5B82719F4355A00042E67 /* IGameObject.h */ = {isa = PBXFileReference; fileEncoding = 4; lastKnownFileType = sourcecode.c.h; name = IGameObject.h; path = objects/generics/IGameObject.h; sourceTree = "<group>"; };
		4ED5B82819F4355A00042E67 /* SDLGameObject.cpp */ = {isa = PBXFileReference; fileEncoding = 4; lastKnownFileType = sourcecode.cpp.cpp; name = SDLGameObject.cpp; path = objects/generics/SDLGameObject.cpp; sourceTree = "<group>"; };
		4ED5B82919F4355A00042E67 /* SDLGameObject.h */ = {isa = PBXFileReference; fileEncoding = 4; lastKnownFileType = sourcecode.c.h; name = SDLGameObject.h; path = objects/generics/SDLGameObject.h; sourceTree = "<group>"; };
		4ED5B82E19F4356F00042E67 /* Level.cpp */ = {isa = PBXFileReference; fileEncoding = 4; lastKnownFileType = sourcecode.cpp.cpp; name = Level.cpp; path = level/Level.cpp; sourceTree = "<group>"; };
		4ED5B82F19F4356F00042E67 /* Level.h */ = {isa = PBXFileReference; fileEncoding = 4; lastKnownFileType = sourcecode.c.h; name = Level.h; path = level/Level.h; sourceTree = "<group>"; };
		4ED5B83019F4356F00042E67 /* LevelParser.cpp */ = {isa = PBXFileReference; fileEncoding = 4; lastKnownFileType = sourcecode.cpp.cpp; name = LevelParser.cpp; path = level/LevelParser.cpp; sourceTree = "<group>"; };
		4ED5B83119F4356F00042E67 /* LevelParser.h */ = {isa = PBXFileReference; fileEncoding = 4; lastKnownFileType = sourcecode.c.h; name = LevelParser.h; path = level/LevelParser.h; sourceTree = "<group>"; };
		4ED5B83219F4356F00042E67 /* TileSet.h */ = {isa = PBXFileReference; fileEncoding = 4; lastKnownFileType = sourcecode.c.h; name = TileSet.h; path = level/TileSet.h; sourceTree = "<group>"; };
		4ED5B83519F4357D00042E67 /* ILayer.cpp */ = {isa = PBXFileReference; fileEncoding = 4; lastKnownFileType = sourcecode.cpp.cpp; name = ILayer.cpp; path = level/layers/ILayer.cpp; sourceTree = "<group>"; };
		4ED5B83619F4357D00042E67 /* ILayer.h */ = {isa = PBXFileReference; fileEncoding = 4; lastKnownFileType = sourcecode.c.h; name = ILayer.h; path = level/layers/ILayer.h; sourceTree = "<group>"; };
		4ED5B83719F4357D00042E67 /* ObjectLayer.cpp */ = {isa = PBXFileReference; fileEncoding = 4; lastKnownFileType = sourcecode.cpp.cpp; name = ObjectLayer.cpp; path = level/layers/ObjectLayer.cpp; sourceTree = "<group>"; };
		4ED5B83819F4357D00042E67 /* ObjectLayer.h */ = {isa = PBXFileReference; fileEncoding = 4; lastKnownFileType = sourcecode.c.h; name = ObjectLayer.h; path = level/layers/ObjectLayer.h; sourceTree = "<group>"; };
		4ED5B83919F4357D00042E67 /* TileLayer.cpp */ = {isa = PBXFileReference; fileEncoding = 4; lastKnownFileType = sourcecode.cpp.cpp; name = TileLayer.cpp; path = level/layers/TileLayer.cpp; sourceTree = "<group>"; };
		4ED5B83A19F4357D00042E67 /* TileLayer.h */ = {isa = PBXFileReference; fileEncoding = 4; lastKnownFileType = sourcecode.c.h; name = TileLayer.h; path = level/layers/TileLayer.h; sourceTree = "<group>"; };
		4ED5B83E19F4358600042E67 /* Vector2D.cpp */ = {isa = PBXFileReference; fileEncoding = 4; lastKnownFileType = sourcecode.cpp.cpp; name = Vector2D.cpp; path = util/Vector2D.cpp; sourceTree = "<group>"; };
		4ED5B83F19F4358600042E67 /* Vector2D.h */ = {isa = PBXFileReference; fileEncoding = 4; lastKnownFileType = sourcecode.c.h; name = Vector2D.h; path = util/Vector2D.h; sourceTree = "<group>"; };
		4EFF5C42190741D3003074F9 /* SDL2_image.framework */ = {isa = PBXFileReference; lastKnownFileType = wrapper.framework; name = SDL2_image.framework; path = /Library/Frameworks/SDL2_image.framework; sourceTree = "<absolute>"; };
/* End PBXFileReference section */

/* Begin PBXFrameworksBuildPhase section */
		4E0AEB4D190421570031C463 /* Frameworks */ = {
			isa = PBXFrameworksBuildPhase;
			buildActionMask = 2147483647;
			files = (
				4E92176E1A3E9C65007074F4 /* liblua.a in Frameworks */,
				4E7D79A5195B6FBE009A4353 /* SDL2_mixer.framework in Frameworks */,
				4E1F09E31958CD2300F8C945 /* libz.dylib in Frameworks */,
				4EFF5C43190741D3003074F9 /* SDL2_image.framework in Frameworks */,
			);
			runOnlyForDeploymentPostprocessing = 0;
		};
/* End PBXFrameworksBuildPhase section */

/* Begin PBXGroup section */
		4E0AEB47190421570031C463 = {
			isa = PBXGroup;
			children = (
				4E0AEB52190421570031C463 /* SDLGameEngine */,
				4E5A76091911893000DB9464 /* Frameworks */,
				4E0AEB51190421570031C463 /* Products */,
			);
			sourceTree = "<group>";
		};
		4E0AEB51190421570031C463 /* Products */ = {
			isa = PBXGroup;
			children = (
				4E0AEB50190421570031C463 /* SDLGameEngine.app */,
			);
			name = Products;
			sourceTree = "<group>";
		};
		4E0AEB52190421570031C463 /* SDLGameEngine */ = {
			isa = PBXGroup;
			children = (
				4E5FFD5B192031A2002C1A3B /* main */,
				4E5C789A192843B500005DE3 /* script */,
				4E5FFD581920314A002C1A3B /* systems */,
				4E5FFD65192034E6002C1A3B /* gamestates */,
				4E5FFD591920315E002C1A3B /* objects */,
				4E1F09CE1958801000F8C945 /* level */,
				4E5FFD5A1920318E002C1A3B /* util */,
			);
			path = SDLGameEngine;
			sourceTree = "<group>";
		};
		4E1F09CE1958801000F8C945 /* level */ = {
			isa = PBXGroup;
			children = (
				4ED5B82E19F4356F00042E67 /* Level.cpp */,
				4ED5B82F19F4356F00042E67 /* Level.h */,
				4ED5B83019F4356F00042E67 /* LevelParser.cpp */,
				4ED5B83119F4356F00042E67 /* LevelParser.h */,
				4ED5B83219F4356F00042E67 /* TileSet.h */,
				4EFB1A9B19666AA90099F295 /* layers */,
			);
			name = level;
			sourceTree = "<group>";
		};
		4E1F09DD1958C59A00F8C945 /* compression */ = {
			isa = PBXGroup;
			children = (
				4ED5B7D419F434C000042E67 /* base64.cpp */,
				4ED5B7D519F434C000042E67 /* base64.h */,
			);
			name = compression;
			sourceTree = "<group>";
		};
		4E5A76091911893000DB9464 /* Frameworks */ = {
			isa = PBXGroup;
			children = (
				4E7D79A4195B6FBE009A4353 /* SDL2_mixer.framework */,
				4E1F09E21958CD2300F8C945 /* libz.dylib */,
				4EFF5C42190741D3003074F9 /* SDL2_image.framework */,
			);
			name = Frameworks;
			path = SDLGameDevelopmentChapter1;
			sourceTree = "<group>";
		};
		4E5C789A192843B500005DE3 /* script */ = {
			isa = PBXGroup;
			children = (
				4ED5B7C719F4349800042E67 /* StateParser.cpp */,
				4ED5B7C819F4349800042E67 /* StateParser.h */,
				4EC0757B1989C7440055E3A9 /* res */,
				4EF1BCB819ABE37A0060BD3B /* 3rdparty */,
			);
			name = script;
			sourceTree = "<group>";
		};
		4E5FFD581920314A002C1A3B /* systems */ = {
			isa = PBXGroup;
			children = (
				4EC6C0A919AE44B400E29249 /* render */,
				4EC6C0A819AE449400E29249 /* input */,
				4EC6C0A719AE448600E29249 /* audio */,
				4E9C5CCE1999A14700EAB417 /* event */,
			);
			name = systems;
			sourceTree = "<group>";
		};
		4E5FFD591920315E002C1A3B /* objects */ = {
			isa = PBXGroup;
			children = (
				4ED5B80E19F4353A00042E67 /* game */,
				4E7D79A9195B706A009A4353 /* ui */,
				4E7D79A8195B704D009A4353 /* generics */,
			);
			name = objects;
			sourceTree = "<group>";
		};
		4E5FFD5A1920318E002C1A3B /* util */ = {
			isa = PBXGroup;
			children = (
				4ED5B83E19F4358600042E67 /* Vector2D.cpp */,
				4ED5B83F19F4358600042E67 /* Vector2D.h */,
			);
			name = util;
			sourceTree = "<group>";
		};
		4E5FFD5B192031A2002C1A3B /* main */ = {
			isa = PBXGroup;
			children = (
				4ED5B7C219F4348C00042E67 /* Game.cpp */,
				4ED5B7C319F4348C00042E67 /* Game.h */,
				4ED5B7C419F4348C00042E67 /* main.cpp */,
			);
			name = main;
			sourceTree = "<group>";
		};
		4E5FFD65192034E6002C1A3B /* gamestates */ = {
			isa = PBXGroup;
			children = (
				4ED5B7F919F4352B00042E67 /* GameOverState.cpp */,
				4ED5B7FA19F4352B00042E67 /* GameOverState.h */,
				4ED5B7FB19F4352B00042E67 /* GameStateMachine.cpp */,
				4ED5B7FC19F4352B00042E67 /* GameStateMachine.h */,
				4ED5B7FD19F4352B00042E67 /* IGameState.cpp */,
				4ED5B7FE19F4352B00042E67 /* IGameState.h */,
				4ED5B7FF19F4352B00042E67 /* MainMenuState.cpp */,
				4ED5B80019F4352B00042E67 /* MainMenuState.h */,
				4ED5B80119F4352B00042E67 /* MenuState.cpp */,
				4ED5B80219F4352B00042E67 /* MenuState.h */,
				4ED5B80319F4352B00042E67 /* PauseState.cpp */,
				4ED5B80419F4352B00042E67 /* PauseState.h */,
				4ED5B80519F4352B00042E67 /* PlayState.cpp */,
				4ED5B80619F4352B00042E67 /* PlayState.h */,
			);
			name = gamestates;
			sourceTree = "<group>";
		};
		4E7D79A8195B704D009A4353 /* generics */ = {
			isa = PBXGroup;
			children = (
				4ED5B82119F4355A00042E67 /* GameObjectCreators.pch */,
				4ED5B82219F4355A00042E67 /* GameObjectFactory.cpp */,
				4ED5B82319F4355A00042E67 /* GameObjectFactory.h */,
				4ED5B82419F4355A00042E67 /* GameObjectParams.cpp */,
				4ED5B82519F4355A00042E67 /* GameObjectParams.h */,
				4ED5B82619F4355A00042E67 /* IGameObject.cpp */,
				4ED5B82719F4355A00042E67 /* IGameObject.h */,
				4ED5B82819F4355A00042E67 /* SDLGameObject.cpp */,
				4ED5B82919F4355A00042E67 /* SDLGameObject.h */,
			);
			name = generics;
			sourceTree = "<group>";
		};
		4E7D79A9195B706A009A4353 /* ui */ = {
			isa = PBXGroup;
			children = (
				4ED5B81B19F4355300042E67 /* AnimatedGraphic.cpp */,
				4ED5B81C19F4355300042E67 /* AnimatedGraphic.h */,
				4ED5B81D19F4355300042E67 /* MenuButton.cpp */,
				4ED5B81E19F4355300042E67 /* MenuButton.h */,
			);
			name = ui;
			sourceTree = "<group>";
		};
		4E92175C1A3E9C1C007074F4 /* lua */ = {
			isa = PBXGroup;
			children = (
				4E9217661A3E9C65007074F4 /* lauxlib.h */,
				4E9217671A3E9C65007074F4 /* lua.h */,
				4E9217681A3E9C65007074F4 /* lua.hpp */,
				4E9217691A3E9C65007074F4 /* luaconf.h */,
				4E92176A1A3E9C65007074F4 /* lualib.h */,
				4E92176B1A3E9C65007074F4 /* luatest.cpp */,
				4E92176C1A3E9C65007074F4 /* liblua.a */,
			);
			name = lua;
			sourceTree = "<group>";
		};
		4E9C5CCE1999A14700EAB417 /* event */ = {
			isa = PBXGroup;
			children = (
				4ED5B7E719F4350C00042E67 /* CollisionHandler.cpp */,
				4ED5B7E819F4350C00042E67 /* CollisionHandler.h */,
				4ED5B7E919F4350C00042E67 /* CollisionManager.cpp */,
				4ED5B7EA19F4350C00042E67 /* CollisionManager.h */,
				4ED5B7EB19F4350C00042E67 /* EnemyEventHandler.cpp */,
				4ED5B7EC19F4350C00042E67 /* EnemyEventHandler.h */,
				4ED5B7ED19F4350C00042E67 /* Event.cpp */,
				4ED5B7EE19F4350C00042E67 /* Event.h */,
				4ED5B7EF19F4350C00042E67 /* EventHandler.cpp */,
				4ED5B7F019F4350C00042E67 /* EventHandler.h */,
				4ED5B7F119F4350C00042E67 /* EventManager.cpp */,
				4ED5B7F219F4350C00042E67 /* EventManager.h */,
			);
			name = event;
			sourceTree = "<group>";
		};
		4EC0757B1989C7440055E3A9 /* res */ = {
			isa = PBXGroup;
			children = (
				4EC927DE198ECDAF00BEE30E /* Test.xml */,
				4EC0757C198ACA870055E3A9 /* library.xml */,
			);
			name = res;
			sourceTree = "<group>";
		};
		4EC6C0A719AE448600E29249 /* audio */ = {
			isa = PBXGroup;
			children = (
				4ED5B7E419F4350100042E67 /* SoundManager.cpp */,
				4ED5B7E519F4350100042E67 /* SoundManager.h */,
			);
			name = audio;
			sourceTree = "<group>";
		};
		4EC6C0A819AE449400E29249 /* input */ = {
			isa = PBXGroup;
			children = (
				4ED5B7E019F434F700042E67 /* ControllerConfig.h */,
				4ED5B7E119F434F700042E67 /* InputHandler.cpp */,
				4ED5B7E219F434F700042E67 /* InputHandler.h */,
			);
			name = input;
			sourceTree = "<group>";
		};
		4EC6C0A919AE44B400E29249 /* render */ = {
			isa = PBXGroup;
			children = (
				4ED5B7D719F434F000042E67 /* Camera.cpp */,
				4ED5B7D819F434F000042E67 /* Camera.h */,
				4ED5B7D919F434F000042E67 /* TextureManager.cpp */,
				4ED5B7DA19F434F000042E67 /* TextureManager.h */,
				4ED5B7DB19F434F000042E67 /* TilesetManager.cpp */,
				4ED5B7DC19F434F000042E67 /* TilesetManager.h */,
			);
			name = render;
			sourceTree = "<group>";
		};
		4ED5B80E19F4353A00042E67 /* game */ = {
			isa = PBXGroup;
			children = (
				4ED5B80F19F4354600042E67 /* Enemy.cpp */,
				4ED5B81019F4354600042E67 /* Enemy.h */,
				4ED5B81119F4354600042E67 /* Item.cpp */,
				4ED5B81219F4354600042E67 /* Item.h */,
				4ED5B81319F4354600042E67 /* Light.cpp */,
				4ED5B81419F4354600042E67 /* Light.h */,
				4ED5B81519F4354600042E67 /* Player.cpp */,
				4ED5B81619F4354600042E67 /* Player.h */,
			);
			name = game;
			sourceTree = "<group>";
		};
		4EF1BCB819ABE37A0060BD3B /* 3rdparty */ = {
			isa = PBXGroup;
			children = (
				4E92175C1A3E9C1C007074F4 /* lua */,
				4EFDF792192505A0007B7624 /* xml */,
				4E1F09DD1958C59A00F8C945 /* compression */,
			);
			name = 3rdparty;
			sourceTree = "<group>";
		};
		4EFB1A9B19666AA90099F295 /* layers */ = {
			isa = PBXGroup;
			children = (
				4ED5B83519F4357D00042E67 /* ILayer.cpp */,
				4ED5B83619F4357D00042E67 /* ILayer.h */,
				4ED5B83719F4357D00042E67 /* ObjectLayer.cpp */,
				4ED5B83819F4357D00042E67 /* ObjectLayer.h */,
				4ED5B83919F4357D00042E67 /* TileLayer.cpp */,
				4ED5B83A19F4357D00042E67 /* TileLayer.h */,
			);
			name = layers;
			sourceTree = "<group>";
		};
		4EFDF792192505A0007B7624 /* xml */ = {
			isa = PBXGroup;
			children = (
				4ED5B7CA19F434B900042E67 /* tinystr.cpp */,
				4ED5B7CB19F434B900042E67 /* tinystr.h */,
				4ED5B7CC19F434B900042E67 /* tinyxml.cpp */,
				4ED5B7CD19F434B900042E67 /* tinyxml.h */,
				4ED5B7CE19F434B900042E67 /* tinyxmlerror.cpp */,
				4ED5B7CF19F434B900042E67 /* tinyxmlparser.cpp */,
			);
			name = xml;
			sourceTree = "<group>";
		};
/* End PBXGroup section */

/* Begin PBXNativeTarget section */
		4E0AEB4F190421570031C463 /* SDLGameEngine */ = {
			isa = PBXNativeTarget;
			buildConfigurationList = 4E0AEB57190421570031C463 /* Build configuration list for PBXNativeTarget "SDLGameEngine" */;
			buildPhases = (
				4E0AEB4C190421570031C463 /* Sources */,
				4E0AEB4D190421570031C463 /* Frameworks */,
				4E0AEB4E190421570031C463 /* Scripts */,
			);
			buildRules = (
			);
			dependencies = (
			);
			name = SDLGameEngine;
			productName = SDLGameDevelopmentChapter1;
			productReference = 4E0AEB50190421570031C463 /* SDLGameEngine.app */;
			productType = "com.apple.product-type.application";
		};
/* End PBXNativeTarget section */

/* Begin PBXProject section */
		4E0AEB48190421570031C463 /* Project object */ = {
			isa = PBXProject;
			attributes = {
				LastUpgradeCheck = 0600;
				ORGANIZATIONNAME = "Evan Chapman";
			};
			buildConfigurationList = 4E0AEB4B190421570031C463 /* Build configuration list for PBXProject "SDLGameEngine" */;
			compatibilityVersion = "Xcode 3.2";
			developmentRegion = English;
			hasScannedForEncodings = 0;
			knownRegions = (
				en,
			);
			mainGroup = 4E0AEB47190421570031C463;
			productRefGroup = 4E0AEB51190421570031C463 /* Products */;
			projectDirPath = "";
			projectRoot = "";
			targets = (
				4E0AEB4F190421570031C463 /* SDLGameEngine */,
			);
		};
/* End PBXProject section */

/* Begin PBXSourcesBuildPhase section */
		4E0AEB4C190421570031C463 /* Sources */ = {
			isa = PBXSourcesBuildPhase;
			buildActionMask = 2147483647;
			files = (
				4ED5B81919F4354600042E67 /* Light.cpp in Sources */,
				4ED5B7F319F4350C00042E67 /* CollisionHandler.cpp in Sources */,
				4ED5B7E319F434F700042E67 /* InputHandler.cpp in Sources */,
				4ED5B7F519F4350C00042E67 /* EnemyEventHandler.cpp in Sources */,
				4ED5B80719F4352B00042E67 /* GameOverState.cpp in Sources */,
				4ED5B7DE19F434F000042E67 /* TextureManager.cpp in Sources */,
				4ED5B80919F4352B00042E67 /* IGameState.cpp in Sources */,
				4ED5B7D619F434C000042E67 /* base64.cpp in Sources */,
				4ED5B7F819F4350C00042E67 /* EventManager.cpp in Sources */,
				4ED5B7F619F4350C00042E67 /* Event.cpp in Sources */,
				4ED5B84019F4358600042E67 /* Vector2D.cpp in Sources */,
				4ED5B7F419F4350C00042E67 /* CollisionManager.cpp in Sources */,
				4ED5B80819F4352B00042E67 /* GameStateMachine.cpp in Sources */,
				4ED5B81F19F4355300042E67 /* AnimatedGraphic.cpp in Sources */,
				4ED5B80A19F4352B00042E67 /* MainMenuState.cpp in Sources */,
				4ED5B83319F4356F00042E67 /* Level.cpp in Sources */,
				4ED5B7DD19F434F000042E67 /* Camera.cpp in Sources */,
				4ED5B7D119F434B900042E67 /* tinyxml.cpp in Sources */,
				4ED5B7DF19F434F000042E67 /* TilesetManager.cpp in Sources */,
				4ED5B82C19F4355A00042E67 /* IGameObject.cpp in Sources */,
				4ED5B7C619F4348C00042E67 /* main.cpp in Sources */,
				4ED5B7D019F434B900042E67 /* tinystr.cpp in Sources */,
				4ED5B7E619F4350100042E67 /* SoundManager.cpp in Sources */,
				4ED5B7D319F434B900042E67 /* tinyxmlparser.cpp in Sources */,
				4ED5B81A19F4354600042E67 /* Player.cpp in Sources */,
				4ED5B83B19F4357D00042E67 /* ILayer.cpp in Sources */,
				4ED5B7C519F4348C00042E67 /* Game.cpp in Sources */,
				4ED5B80D19F4352B00042E67 /* PlayState.cpp in Sources */,
				4ED5B83D19F4357D00042E67 /* TileLayer.cpp in Sources */,
				4ED5B7F719F4350C00042E67 /* EventHandler.cpp in Sources */,
				4ED5B83C19F4357D00042E67 /* ObjectLayer.cpp in Sources */,
				4ED5B82B19F4355A00042E67 /* GameObjectParams.cpp in Sources */,
				4ED5B82019F4355300042E67 /* MenuButton.cpp in Sources */,
				4E92176D1A3E9C65007074F4 /* luatest.cpp in Sources */,
				4ED5B7C919F4349800042E67 /* StateParser.cpp in Sources */,
				4ED5B7D219F434B900042E67 /* tinyxmlerror.cpp in Sources */,
				4ED5B83419F4356F00042E67 /* LevelParser.cpp in Sources */,
				4ED5B82D19F4355A00042E67 /* SDLGameObject.cpp in Sources */,
				4ED5B81819F4354600042E67 /* Item.cpp in Sources */,
				4ED5B80B19F4352B00042E67 /* MenuState.cpp in Sources */,
				4ED5B82A19F4355A00042E67 /* GameObjectFactory.cpp in Sources */,
				4ED5B81719F4354600042E67 /* Enemy.cpp in Sources */,
				4ED5B80C19F4352B00042E67 /* PauseState.cpp in Sources */,
			);
			runOnlyForDeploymentPostprocessing = 0;
		};
/* End PBXSourcesBuildPhase section */

/* Begin XCBuildConfiguration section */
		4E0AEB55190421570031C463 /* Debug */ = {
			isa = XCBuildConfiguration;
			buildSettings = {
				ALWAYS_SEARCH_USER_PATHS = NO;
				CLANG_CXX_LANGUAGE_STANDARD = "gnu++0x";
				CLANG_CXX_LIBRARY = "libc++";
				CLANG_ENABLE_MODULES = YES;
				CLANG_ENABLE_OBJC_ARC = YES;
				CLANG_WARN_BOOL_CONVERSION = YES;
				CLANG_WARN_CONSTANT_CONVERSION = YES;
				CLANG_WARN_DIRECT_OBJC_ISA_USAGE = YES_ERROR;
				CLANG_WARN_EMPTY_BODY = YES;
				CLANG_WARN_ENUM_CONVERSION = YES;
				CLANG_WARN_INT_CONVERSION = YES;
				CLANG_WARN_OBJC_ROOT_CLASS = YES_ERROR;
				CLANG_WARN__DUPLICATE_METHOD_MATCH = YES;
				COPY_PHASE_STRIP = NO;
				GCC_C_LANGUAGE_STANDARD = gnu99;
				GCC_DYNAMIC_NO_PIC = NO;
				GCC_ENABLE_OBJC_EXCEPTIONS = YES;
				GCC_OPTIMIZATION_LEVEL = 0;
				GCC_PREPROCESSOR_DEFINITIONS = (
					"DEBUG=1",
					"$(inherited)",
				);
				GCC_SYMBOLS_PRIVATE_EXTERN = NO;
				GCC_WARN_64_TO_32_BIT_CONVERSION = YES;
				GCC_WARN_ABOUT_RETURN_TYPE = YES_ERROR;
				GCC_WARN_UNDECLARED_SELECTOR = YES;
				GCC_WARN_UNINITIALIZED_AUTOS = YES_AGGRESSIVE;
				GCC_WARN_UNUSED_FUNCTION = YES;
				GCC_WARN_UNUSED_VARIABLE = YES;
				MACOSX_DEPLOYMENT_TARGET = 10.9;
				ONLY_ACTIVE_ARCH = YES;
				SDKROOT = macosx;
			};
			name = Debug;
		};
		4E0AEB56190421570031C463 /* Release */ = {
			isa = XCBuildConfiguration;
			buildSettings = {
				ALWAYS_SEARCH_USER_PATHS = NO;
				CLANG_CXX_LANGUAGE_STANDARD = "gnu++0x";
				CLANG_CXX_LIBRARY = "libc++";
				CLANG_ENABLE_MODULES = YES;
				CLANG_ENABLE_OBJC_ARC = YES;
				CLANG_WARN_BOOL_CONVERSION = YES;
				CLANG_WARN_CONSTANT_CONVERSION = YES;
				CLANG_WARN_DIRECT_OBJC_ISA_USAGE = YES_ERROR;
				CLANG_WARN_EMPTY_BODY = YES;
				CLANG_WARN_ENUM_CONVERSION = YES;
				CLANG_WARN_INT_CONVERSION = YES;
				CLANG_WARN_OBJC_ROOT_CLASS = YES_ERROR;
				CLANG_WARN__DUPLICATE_METHOD_MATCH = YES;
				COPY_PHASE_STRIP = YES;
				DEBUG_INFORMATION_FORMAT = "dwarf-with-dsym";
				ENABLE_NS_ASSERTIONS = NO;
				GCC_C_LANGUAGE_STANDARD = gnu99;
				GCC_ENABLE_OBJC_EXCEPTIONS = YES;
				GCC_WARN_64_TO_32_BIT_CONVERSION = YES;
				GCC_WARN_ABOUT_RETURN_TYPE = YES_ERROR;
				GCC_WARN_UNDECLARED_SELECTOR = YES;
				GCC_WARN_UNINITIALIZED_AUTOS = YES_AGGRESSIVE;
				GCC_WARN_UNUSED_FUNCTION = YES;
				GCC_WARN_UNUSED_VARIABLE = YES;
				MACOSX_DEPLOYMENT_TARGET = 10.9;
				SDKROOT = macosx;
			};
			name = Release;
		};
		4E0AEB58190421570031C463 /* Debug */ = {
			isa = XCBuildConfiguration;
			buildSettings = {
				COMBINE_HIDPI_IMAGES = YES;
				FRAMEWORK_SEARCH_PATHS = (
					/Library/Frameworks,
					"$(LOCAL_LIBRARY_DIR)/Frameworks",
				);
				HEADER_SEARCH_PATHS = (
					/opt/local/include,
					/usr/include,
					/usr/local/include,
				);
				LIBRARY_SEARCH_PATHS = (
					/usr/lib,
					"$(PROJECT_DIR)/SDLGameEngine",
					"$(PROJECT_DIR)/SDLGameEngine/script/3rdparty/lua",
				);
				OTHER_LDFLAGS = (
					"-framework",
					cocoa,
					"-framework",
					SDL2,
				);
				PRODUCT_NAME = SDLGameEngine;
				USER_HEADER_SEARCH_PATHS = "";
			};
			name = Debug;
		};
		4E0AEB59190421570031C463 /* Release */ = {
			isa = XCBuildConfiguration;
			buildSettings = {
				COMBINE_HIDPI_IMAGES = YES;
				FRAMEWORK_SEARCH_PATHS = (
					/Library/Frameworks,
					"$(LOCAL_LIBRARY_DIR)/Frameworks",
				);
				HEADER_SEARCH_PATHS = (
					/opt/local/include,
					/usr/include,
					/usr/local/include,
				);
				LIBRARY_SEARCH_PATHS = (
					/usr/lib,
					"$(PROJECT_DIR)/SDLGameEngine",
					"$(PROJECT_DIR)/SDLGameEngine/script/3rdparty/lua",
				);
				OTHER_LDFLAGS = (
					"-framework",
					cocoa,
					"-framework",
					SDL2,
				);
				PRODUCT_NAME = SDLGameEngine;
				USER_HEADER_SEARCH_PATHS = "";
			};
			name = Release;
		};
/* End XCBuildConfiguration section */

/* Begin XCConfigurationList section */
		4E0AEB4B190421570031C463 /* Build configuration list for PBXProject "SDLGameEngine" */ = {
			isa = XCConfigurationList;
			buildConfigurations = (
				4E0AEB55190421570031C463 /* Debug */,
				4E0AEB56190421570031C463 /* Release */,
			);
			defaultConfigurationIsVisible = 0;
			defaultConfigurationName = Release;
		};
		4E0AEB57190421570031C463 /* Build configuration list for PBXNativeTarget "SDLGameEngine" */ = {
			isa = XCConfigurationList;
			buildConfigurations = (
				4E0AEB58190421570031C463 /* Debug */,
				4E0AEB59190421570031C463 /* Release */,
			);
			defaultConfigurationIsVisible = 0;
			defaultConfigurationName = Release;
		};
/* End XCConfigurationList section */
	};
	rootObject = 4E0AEB48190421570031C463 /* Project object */;
}
