// !$*UTF8*$!
{
	archiveVersion = 1;
	classes = {
	};
	objectVersion = 46;
	objects = {

/* Begin PBXBuildFile section */
		4E01FCC2199A890000D023E3 /* EventHandler.cpp in Sources */ = {isa = PBXBuildFile; fileRef = 4E01FCC0199A890000D023E3 /* EventHandler.cpp */; };
		4E0AEB54190421570031C463 /* main.cpp in Sources */ = {isa = PBXBuildFile; fileRef = 4E0AEB53190421570031C463 /* main.cpp */; };
		4E0AEB5C1904597F0031C463 /* Game.cpp in Sources */ = {isa = PBXBuildFile; fileRef = 4E0AEB5A1904597F0031C463 /* Game.cpp */; };
		4E1F09D11958803500F8C945 /* Level.cpp in Sources */ = {isa = PBXBuildFile; fileRef = 4E1F09CF1958803500F8C945 /* Level.cpp */; };
		4E1F09D7195893FF00F8C945 /* TileLayer.cpp in Sources */ = {isa = PBXBuildFile; fileRef = 4E1F09D5195893FF00F8C945 /* TileLayer.cpp */; };
		4E1F09D91958957900F8C945 /* ILayer.cpp in Sources */ = {isa = PBXBuildFile; fileRef = 4E1F09D81958957900F8C945 /* ILayer.cpp */; };
		4E1F09DC1958B23A00F8C945 /* LevelParser.cpp in Sources */ = {isa = PBXBuildFile; fileRef = 4E1F09DA1958B23A00F8C945 /* LevelParser.cpp */; };
		4E1F09E01958C5A200F8C945 /* base64.cpp in Sources */ = {isa = PBXBuildFile; fileRef = 4E1F09DE1958C5A200F8C945 /* base64.cpp */; };
		4E1F09E31958CD2300F8C945 /* libz.dylib in Frameworks */ = {isa = PBXBuildFile; fileRef = 4E1F09E21958CD2300F8C945 /* libz.dylib */; };
		4E228D2D1993F29F0015B26D /* EventManager.cpp in Sources */ = {isa = PBXBuildFile; fileRef = 4E228D2B1993F29F0015B26D /* EventManager.cpp */; };
		4E239BA4195A4DC70084874F /* ObjectLayer.cpp in Sources */ = {isa = PBXBuildFile; fileRef = 4E239BA2195A4DC70084874F /* ObjectLayer.cpp */; };
		4E2CB06519649E7F00A6B8FF /* Light.cpp in Sources */ = {isa = PBXBuildFile; fileRef = 4E2CB06319649E7F00A6B8FF /* Light.cpp */; };
		4E2D1239199D4A6000702F86 /* Event.cpp in Sources */ = {isa = PBXBuildFile; fileRef = 4E2D1237199D4A6000702F86 /* Event.cpp */; };
		4E458E5B1907E78100BE4CB3 /* GameObject.cpp in Sources */ = {isa = PBXBuildFile; fileRef = 4E458E591907E78100BE4CB3 /* GameObject.cpp */; };
		4E458E5E1907EFA800BE4CB3 /* Player.cpp in Sources */ = {isa = PBXBuildFile; fileRef = 4E458E5C1907EFA800BE4CB3 /* Player.cpp */; };
		4E5A75FF191186E300DB9464 /* Vector2D.cpp in Sources */ = {isa = PBXBuildFile; fileRef = 4E5A75FD191186E300DB9464 /* Vector2D.cpp */; };
		4E5A76021911872500DB9464 /* GameObjectParams.cpp in Sources */ = {isa = PBXBuildFile; fileRef = 4E5A76001911872500DB9464 /* GameObjectParams.cpp */; };
		4E5A76081911891E00DB9464 /* SDLGameObject.cpp in Sources */ = {isa = PBXBuildFile; fileRef = 4E5A76061911891E00DB9464 /* SDLGameObject.cpp */; };
		4E5C08551970A29C00A4917B /* Camera.cpp in Sources */ = {isa = PBXBuildFile; fileRef = 4E5C08531970A29C00A4917B /* Camera.cpp */; };
		4E5C789E192843D300005DE3 /* StateParser.cpp in Sources */ = {isa = PBXBuildFile; fileRef = 4E5C789C192843D300005DE3 /* StateParser.cpp */; };
		4E5C78A119284BFB00005DE3 /* MainMenuState.cpp in Sources */ = {isa = PBXBuildFile; fileRef = 4E5C789F19284BFB00005DE3 /* MainMenuState.cpp */; };
		4E5FFD5E192031C7002C1A3B /* MenuState.cpp in Sources */ = {isa = PBXBuildFile; fileRef = 4E5FFD5C192031C7002C1A3B /* MenuState.cpp */; };
		4E5FFD611920342B002C1A3B /* PlayState.cpp in Sources */ = {isa = PBXBuildFile; fileRef = 4E5FFD5F1920342B002C1A3B /* PlayState.cpp */; };
		4E5FFD64192034E2002C1A3B /* GameStateMachine.cpp in Sources */ = {isa = PBXBuildFile; fileRef = 4E5FFD62192034E2002C1A3B /* GameStateMachine.cpp */; };
		4E63333F196C850D00CD2405 /* CollisionManager.cpp in Sources */ = {isa = PBXBuildFile; fileRef = 4E63333D196C850D00CD2405 /* CollisionManager.cpp */; };
		4E69DA5B19074510006E1788 /* TextureManager.cpp in Sources */ = {isa = PBXBuildFile; fileRef = 4E69DA5919074510006E1788 /* TextureManager.cpp */; };
		4E7D79A3195B6DA9009A4353 /* SoundManager.cpp in Sources */ = {isa = PBXBuildFile; fileRef = 4E7D79A1195B6DA9009A4353 /* SoundManager.cpp */; };
		4E7D79A5195B6FBE009A4353 /* SDL2_mixer.framework in Frameworks */ = {isa = PBXBuildFile; fileRef = 4E7D79A4195B6FBE009A4353 /* SDL2_mixer.framework */; };
		4E7DAC571921615300FE5BBB /* IGameState.cpp in Sources */ = {isa = PBXBuildFile; fileRef = 4E7DAC561921615300FE5BBB /* IGameState.cpp */; };
		4E7DAC5A1923077700FE5BBB /* PauseState.cpp in Sources */ = {isa = PBXBuildFile; fileRef = 4E7DAC581923077700FE5BBB /* PauseState.cpp */; };
		4E859D631916C5C8005F17D4 /* InputHandler.cpp in Sources */ = {isa = PBXBuildFile; fileRef = 4E859D611916C5C8005F17D4 /* InputHandler.cpp */; };
		4E91951B199F9B2F00401C02 /* Item.cpp in Sources */ = {isa = PBXBuildFile; fileRef = 4E919519199F9B2F00401C02 /* Item.cpp */; };
		4EAF14C11978327C00D46F7B /* TilesetManager.cpp in Sources */ = {isa = PBXBuildFile; fileRef = 4EAF14BF1978327C00D46F7B /* TilesetManager.cpp */; };
		4EB8FD2519250CFC00C38B4F /* GameObjectFactory.cpp in Sources */ = {isa = PBXBuildFile; fileRef = 4EB8FD2319250CFC00C38B4F /* GameObjectFactory.cpp */; };
		4ECABB1E196B05E600CA4AB7 /* CollisionHandler.cpp in Sources */ = {isa = PBXBuildFile; fileRef = 4ECABB1C196B05E600CA4AB7 /* CollisionHandler.cpp */; };
		4EE05B9019084E99001C07B3 /* Enemy.cpp in Sources */ = {isa = PBXBuildFile; fileRef = 4EE05B8E19084E99001C07B3 /* Enemy.cpp */; };
		4EED8E6A192041FC00EE5E8F /* MenuButton.cpp in Sources */ = {isa = PBXBuildFile; fileRef = 4EED8E68192041FC00EE5E8F /* MenuButton.cpp */; };
		4EFDF78E1923FDB1007B7624 /* AnimatedGraphic.cpp in Sources */ = {isa = PBXBuildFile; fileRef = 4EFDF78C1923FDB1007B7624 /* AnimatedGraphic.cpp */; };
		4EFDF791192423BF007B7624 /* GameOverState.cpp in Sources */ = {isa = PBXBuildFile; fileRef = 4EFDF78F192423BF007B7624 /* GameOverState.cpp */; };
		4EFDF799192505C2007B7624 /* tinystr.cpp in Sources */ = {isa = PBXBuildFile; fileRef = 4EFDF793192505C2007B7624 /* tinystr.cpp */; };
		4EFDF79A192505C2007B7624 /* tinyxml.cpp in Sources */ = {isa = PBXBuildFile; fileRef = 4EFDF795192505C2007B7624 /* tinyxml.cpp */; };
		4EFDF79B192505C2007B7624 /* tinyxmlerror.cpp in Sources */ = {isa = PBXBuildFile; fileRef = 4EFDF797192505C2007B7624 /* tinyxmlerror.cpp */; };
		4EFDF79C192505C2007B7624 /* tinyxmlparser.cpp in Sources */ = {isa = PBXBuildFile; fileRef = 4EFDF798192505C2007B7624 /* tinyxmlparser.cpp */; };
		4EFF5C43190741D3003074F9 /* SDL2_image.framework in Frameworks */ = {isa = PBXBuildFile; fileRef = 4EFF5C42190741D3003074F9 /* SDL2_image.framework */; };
/* End PBXBuildFile section */

/* Begin PBXCopyFilesBuildPhase section */
		4E0AEB4E190421570031C463 /* Scripts */ = {
			isa = PBXCopyFilesBuildPhase;
			buildActionMask = 12;
			dstPath = scripts;
			dstSubfolderSpec = 7;
			files = (
			);
			name = Scripts;
			runOnlyForDeploymentPostprocessing = 0;
		};
/* End PBXCopyFilesBuildPhase section */

/* Begin PBXFileReference section */
		4E01FCC0199A890000D023E3 /* EventHandler.cpp */ = {isa = PBXFileReference; fileEncoding = 4; lastKnownFileType = sourcecode.cpp.cpp; path = EventHandler.cpp; sourceTree = "<group>"; };
		4E01FCC1199A890000D023E3 /* EventHandler.h */ = {isa = PBXFileReference; fileEncoding = 4; lastKnownFileType = sourcecode.c.h; path = EventHandler.h; sourceTree = "<group>"; };
		4E0AEB50190421570031C463 /* SDLGameEngine.app */ = {isa = PBXFileReference; explicitFileType = wrapper.application; includeInIndex = 0; path = SDLGameEngine.app; sourceTree = BUILT_PRODUCTS_DIR; };
		4E0AEB53190421570031C463 /* main.cpp */ = {isa = PBXFileReference; lastKnownFileType = sourcecode.cpp.cpp; path = main.cpp; sourceTree = "<group>"; };
		4E0AEB5A1904597F0031C463 /* Game.cpp */ = {isa = PBXFileReference; fileEncoding = 4; lastKnownFileType = sourcecode.cpp.cpp; path = Game.cpp; sourceTree = "<group>"; };
		4E0AEB5B1904597F0031C463 /* Game.h */ = {isa = PBXFileReference; fileEncoding = 4; lastKnownFileType = sourcecode.c.h; path = Game.h; sourceTree = "<group>"; };
		4E1F09CF1958803500F8C945 /* Level.cpp */ = {isa = PBXFileReference; fileEncoding = 4; lastKnownFileType = sourcecode.cpp.cpp; path = Level.cpp; sourceTree = "<group>"; };
		4E1F09D01958803500F8C945 /* Level.h */ = {isa = PBXFileReference; fileEncoding = 4; lastKnownFileType = sourcecode.c.h; path = Level.h; sourceTree = "<group>"; };
		4E1F09D31958921400F8C945 /* ILayer.h */ = {isa = PBXFileReference; fileEncoding = 4; lastKnownFileType = sourcecode.c.h; path = ILayer.h; sourceTree = "<group>"; };
		4E1F09D5195893FF00F8C945 /* TileLayer.cpp */ = {isa = PBXFileReference; fileEncoding = 4; lastKnownFileType = sourcecode.cpp.cpp; path = TileLayer.cpp; sourceTree = "<group>"; };
		4E1F09D6195893FF00F8C945 /* TileLayer.h */ = {isa = PBXFileReference; fileEncoding = 4; lastKnownFileType = sourcecode.c.h; path = TileLayer.h; sourceTree = "<group>"; };
		4E1F09D81958957900F8C945 /* ILayer.cpp */ = {isa = PBXFileReference; fileEncoding = 4; lastKnownFileType = sourcecode.cpp.cpp; path = ILayer.cpp; sourceTree = "<group>"; };
		4E1F09DA1958B23A00F8C945 /* LevelParser.cpp */ = {isa = PBXFileReference; fileEncoding = 4; lastKnownFileType = sourcecode.cpp.cpp; path = LevelParser.cpp; sourceTree = "<group>"; };
		4E1F09DB1958B23A00F8C945 /* LevelParser.h */ = {isa = PBXFileReference; fileEncoding = 4; lastKnownFileType = sourcecode.c.h; path = LevelParser.h; sourceTree = "<group>"; };
		4E1F09DE1958C5A200F8C945 /* base64.cpp */ = {isa = PBXFileReference; fileEncoding = 4; lastKnownFileType = sourcecode.cpp.cpp; path = base64.cpp; sourceTree = "<group>"; };
		4E1F09DF1958C5A200F8C945 /* base64.h */ = {isa = PBXFileReference; fileEncoding = 4; lastKnownFileType = sourcecode.c.h; path = base64.h; sourceTree = "<group>"; };
		4E1F09E21958CD2300F8C945 /* libz.dylib */ = {isa = PBXFileReference; lastKnownFileType = "compiled.mach-o.dylib"; name = libz.dylib; path = usr/lib/libz.dylib; sourceTree = SDKROOT; };
		4E228D2B1993F29F0015B26D /* EventManager.cpp */ = {isa = PBXFileReference; fileEncoding = 4; lastKnownFileType = sourcecode.cpp.cpp; path = EventManager.cpp; sourceTree = "<group>"; };
		4E228D2C1993F29F0015B26D /* EventManager.h */ = {isa = PBXFileReference; fileEncoding = 4; lastKnownFileType = sourcecode.c.h; path = EventManager.h; sourceTree = "<group>"; };
		4E239BA2195A4DC70084874F /* ObjectLayer.cpp */ = {isa = PBXFileReference; fileEncoding = 4; lastKnownFileType = sourcecode.cpp.cpp; path = ObjectLayer.cpp; sourceTree = "<group>"; };
		4E239BA3195A4DC70084874F /* ObjectLayer.h */ = {isa = PBXFileReference; fileEncoding = 4; lastKnownFileType = sourcecode.c.h; path = ObjectLayer.h; sourceTree = "<group>"; };
		4E2CB06319649E7F00A6B8FF /* Light.cpp */ = {isa = PBXFileReference; fileEncoding = 4; lastKnownFileType = sourcecode.cpp.cpp; path = Light.cpp; sourceTree = "<group>"; };
		4E2CB06419649E7F00A6B8FF /* Light.h */ = {isa = PBXFileReference; fileEncoding = 4; lastKnownFileType = sourcecode.c.h; path = Light.h; sourceTree = "<group>"; };
		4E2D1237199D4A6000702F86 /* Event.cpp */ = {isa = PBXFileReference; fileEncoding = 4; lastKnownFileType = sourcecode.cpp.cpp; path = Event.cpp; sourceTree = "<group>"; };
		4E2D1238199D4A6000702F86 /* Event.h */ = {isa = PBXFileReference; fileEncoding = 4; lastKnownFileType = sourcecode.c.h; path = Event.h; sourceTree = "<group>"; };
		4E458E591907E78100BE4CB3 /* GameObject.cpp */ = {isa = PBXFileReference; fileEncoding = 4; lastKnownFileType = sourcecode.cpp.cpp; path = GameObject.cpp; sourceTree = "<group>"; };
		4E458E5A1907E78100BE4CB3 /* GameObject.h */ = {isa = PBXFileReference; fileEncoding = 4; lastKnownFileType = sourcecode.c.h; path = GameObject.h; sourceTree = "<group>"; };
		4E458E5C1907EFA800BE4CB3 /* Player.cpp */ = {isa = PBXFileReference; fileEncoding = 4; lastKnownFileType = sourcecode.cpp.cpp; path = Player.cpp; sourceTree = "<group>"; };
		4E458E5D1907EFA800BE4CB3 /* Player.h */ = {isa = PBXFileReference; fileEncoding = 4; lastKnownFileType = sourcecode.c.h; path = Player.h; sourceTree = "<group>"; };
		4E5A75FD191186E300DB9464 /* Vector2D.cpp */ = {isa = PBXFileReference; fileEncoding = 4; lastKnownFileType = sourcecode.cpp.cpp; path = Vector2D.cpp; sourceTree = "<group>"; };
		4E5A75FE191186E300DB9464 /* Vector2D.h */ = {isa = PBXFileReference; fileEncoding = 4; lastKnownFileType = sourcecode.c.h; path = Vector2D.h; sourceTree = "<group>"; };
		4E5A76001911872500DB9464 /* GameObjectParams.cpp */ = {isa = PBXFileReference; fileEncoding = 4; lastKnownFileType = sourcecode.cpp.cpp; path = GameObjectParams.cpp; sourceTree = "<group>"; };
		4E5A76011911872500DB9464 /* GameObjectParams.h */ = {isa = PBXFileReference; fileEncoding = 4; lastKnownFileType = sourcecode.c.h; path = GameObjectParams.h; sourceTree = "<group>"; };
		4E5A76061911891E00DB9464 /* SDLGameObject.cpp */ = {isa = PBXFileReference; fileEncoding = 4; lastKnownFileType = sourcecode.cpp.cpp; name = SDLGameObject.cpp; path = ../SDLGameObject.cpp; sourceTree = "<group>"; };
		4E5A76071911891E00DB9464 /* SDLGameObject.h */ = {isa = PBXFileReference; fileEncoding = 4; lastKnownFileType = sourcecode.c.h; name = SDLGameObject.h; path = ../SDLGameObject.h; sourceTree = "<group>"; };
		4E5C08531970A29C00A4917B /* Camera.cpp */ = {isa = PBXFileReference; fileEncoding = 4; lastKnownFileType = sourcecode.cpp.cpp; path = Camera.cpp; sourceTree = "<group>"; };
		4E5C08541970A29C00A4917B /* Camera.h */ = {isa = PBXFileReference; fileEncoding = 4; lastKnownFileType = sourcecode.c.h; path = Camera.h; sourceTree = "<group>"; };
		4E5C789C192843D300005DE3 /* StateParser.cpp */ = {isa = PBXFileReference; fileEncoding = 4; lastKnownFileType = sourcecode.cpp.cpp; path = StateParser.cpp; sourceTree = "<group>"; };
		4E5C789D192843D300005DE3 /* StateParser.h */ = {isa = PBXFileReference; fileEncoding = 4; lastKnownFileType = sourcecode.c.h; path = StateParser.h; sourceTree = "<group>"; };
		4E5C789F19284BFB00005DE3 /* MainMenuState.cpp */ = {isa = PBXFileReference; fileEncoding = 4; lastKnownFileType = sourcecode.cpp.cpp; path = MainMenuState.cpp; sourceTree = "<group>"; };
		4E5C78A019284BFB00005DE3 /* MainMenuState.h */ = {isa = PBXFileReference; fileEncoding = 4; lastKnownFileType = sourcecode.c.h; path = MainMenuState.h; sourceTree = "<group>"; };
		4E5FFD5C192031C7002C1A3B /* MenuState.cpp */ = {isa = PBXFileReference; fileEncoding = 4; lastKnownFileType = sourcecode.cpp.cpp; path = MenuState.cpp; sourceTree = "<group>"; };
		4E5FFD5D192031C7002C1A3B /* MenuState.h */ = {isa = PBXFileReference; fileEncoding = 4; lastKnownFileType = sourcecode.c.h; path = MenuState.h; sourceTree = "<group>"; };
		4E5FFD5F1920342B002C1A3B /* PlayState.cpp */ = {isa = PBXFileReference; fileEncoding = 4; lastKnownFileType = sourcecode.cpp.cpp; path = PlayState.cpp; sourceTree = "<group>"; };
		4E5FFD601920342B002C1A3B /* PlayState.h */ = {isa = PBXFileReference; fileEncoding = 4; lastKnownFileType = sourcecode.c.h; path = PlayState.h; sourceTree = "<group>"; };
		4E5FFD62192034E2002C1A3B /* GameStateMachine.cpp */ = {isa = PBXFileReference; fileEncoding = 4; lastKnownFileType = sourcecode.cpp.cpp; path = GameStateMachine.cpp; sourceTree = "<group>"; };
		4E5FFD63192034E2002C1A3B /* GameStateMachine.h */ = {isa = PBXFileReference; fileEncoding = 4; lastKnownFileType = sourcecode.c.h; path = GameStateMachine.h; sourceTree = "<group>"; };
		4E63333D196C850D00CD2405 /* CollisionManager.cpp */ = {isa = PBXFileReference; fileEncoding = 4; lastKnownFileType = sourcecode.cpp.cpp; path = CollisionManager.cpp; sourceTree = "<group>"; };
		4E63333E196C850D00CD2405 /* CollisionManager.h */ = {isa = PBXFileReference; fileEncoding = 4; lastKnownFileType = sourcecode.c.h; path = CollisionManager.h; sourceTree = "<group>"; };
		4E69DA5919074510006E1788 /* TextureManager.cpp */ = {isa = PBXFileReference; fileEncoding = 4; lastKnownFileType = sourcecode.cpp.cpp; path = TextureManager.cpp; sourceTree = "<group>"; };
		4E69DA5A19074510006E1788 /* TextureManager.h */ = {isa = PBXFileReference; fileEncoding = 4; lastKnownFileType = sourcecode.c.h; path = TextureManager.h; sourceTree = "<group>"; };
		4E7D79A1195B6DA9009A4353 /* SoundManager.cpp */ = {isa = PBXFileReference; fileEncoding = 4; lastKnownFileType = sourcecode.cpp.cpp; path = SoundManager.cpp; sourceTree = "<group>"; };
		4E7D79A2195B6DA9009A4353 /* SoundManager.h */ = {isa = PBXFileReference; fileEncoding = 4; lastKnownFileType = sourcecode.c.h; path = SoundManager.h; sourceTree = "<group>"; };
		4E7D79A4195B6FBE009A4353 /* SDL2_mixer.framework */ = {isa = PBXFileReference; lastKnownFileType = wrapper.framework; name = SDL2_mixer.framework; path = ../../../../../../../Library/Frameworks/SDL2_mixer.framework; sourceTree = "<group>"; };
		4E7DAC561921615300FE5BBB /* IGameState.cpp */ = {isa = PBXFileReference; fileEncoding = 4; lastKnownFileType = sourcecode.cpp.cpp; path = IGameState.cpp; sourceTree = "<group>"; };
		4E7DAC581923077700FE5BBB /* PauseState.cpp */ = {isa = PBXFileReference; fileEncoding = 4; lastKnownFileType = sourcecode.cpp.cpp; path = PauseState.cpp; sourceTree = "<group>"; };
		4E7DAC591923077700FE5BBB /* PauseState.h */ = {isa = PBXFileReference; fileEncoding = 4; lastKnownFileType = sourcecode.c.h; path = PauseState.h; sourceTree = "<group>"; };
		4E859D611916C5C8005F17D4 /* InputHandler.cpp */ = {isa = PBXFileReference; fileEncoding = 4; lastKnownFileType = sourcecode.cpp.cpp; path = InputHandler.cpp; sourceTree = "<group>"; };
		4E859D621916C5C8005F17D4 /* InputHandler.h */ = {isa = PBXFileReference; fileEncoding = 4; lastKnownFileType = sourcecode.c.h; path = InputHandler.h; sourceTree = "<group>"; };
		4E88C54919A6A4B8007BFD57 /* TileSet.h */ = {isa = PBXFileReference; lastKnownFileType = sourcecode.c.h; path = TileSet.h; sourceTree = "<group>"; };
		4E919519199F9B2F00401C02 /* Item.cpp */ = {isa = PBXFileReference; fileEncoding = 4; lastKnownFileType = sourcecode.cpp.cpp; path = Item.cpp; sourceTree = "<group>"; };
		4E91951A199F9B2F00401C02 /* Item.h */ = {isa = PBXFileReference; fileEncoding = 4; lastKnownFileType = sourcecode.c.h; path = Item.h; sourceTree = "<group>"; };
		4E9692391955E2E500C437AB /* GameObjectCreators.pch */ = {isa = PBXFileReference; lastKnownFileType = sourcecode.c.h; path = GameObjectCreators.pch; sourceTree = "<group>"; };
		4E985D7A1917D0E800EDCADD /* ControllerConfig.h */ = {isa = PBXFileReference; lastKnownFileType = sourcecode.c.h; path = ControllerConfig.h; sourceTree = "<group>"; };
		4EAF14BF1978327C00D46F7B /* TilesetManager.cpp */ = {isa = PBXFileReference; fileEncoding = 4; lastKnownFileType = sourcecode.cpp.cpp; path = TilesetManager.cpp; sourceTree = "<group>"; };
		4EAF14C01978327C00D46F7B /* TilesetManager.h */ = {isa = PBXFileReference; fileEncoding = 4; lastKnownFileType = sourcecode.c.h; path = TilesetManager.h; sourceTree = "<group>"; };
		4EB8FD2319250CFC00C38B4F /* GameObjectFactory.cpp */ = {isa = PBXFileReference; fileEncoding = 4; lastKnownFileType = sourcecode.cpp.cpp; path = GameObjectFactory.cpp; sourceTree = "<group>"; };
		4EB8FD2419250CFC00C38B4F /* GameObjectFactory.h */ = {isa = PBXFileReference; fileEncoding = 4; lastKnownFileType = sourcecode.c.h; path = GameObjectFactory.h; sourceTree = "<group>"; };
		4EC0757C198ACA870055E3A9 /* library.xml */ = {isa = PBXFileReference; fileEncoding = 4; lastKnownFileType = text.xml; name = library.xml; path = "../../../../../Library/Developer/Xcode/DerivedData/SDLGameEngine-cirhytxyimcfxyfnomzrvrnwccbl/Build/Products/Debug/res/lib/xml/library.xml"; sourceTree = "<group>"; };
		4EC927DE198ECDAF00BEE30E /* Test.xml */ = {isa = PBXFileReference; fileEncoding = 4; lastKnownFileType = text.xml; name = Test.xml; path = "../../../../../Library/Developer/Xcode/DerivedData/SDLGameEngine-cirhytxyimcfxyfnomzrvrnwccbl/Build/Products/Debug/res/lib/xml/Test.xml"; sourceTree = "<group>"; };
		4ECABB1C196B05E600CA4AB7 /* CollisionHandler.cpp */ = {isa = PBXFileReference; fileEncoding = 4; lastKnownFileType = sourcecode.cpp.cpp; path = CollisionHandler.cpp; sourceTree = "<group>"; };
		4ECABB1D196B05E600CA4AB7 /* CollisionHandler.h */ = {isa = PBXFileReference; fileEncoding = 4; lastKnownFileType = sourcecode.c.h; path = CollisionHandler.h; sourceTree = "<group>"; };
		4ED242CF19202CD30091132D /* IGameState.h */ = {isa = PBXFileReference; fileEncoding = 4; lastKnownFileType = sourcecode.c.h; path = IGameState.h; sourceTree = "<group>"; };
		4EE05B8E19084E99001C07B3 /* Enemy.cpp */ = {isa = PBXFileReference; fileEncoding = 4; lastKnownFileType = sourcecode.cpp.cpp; path = Enemy.cpp; sourceTree = "<group>"; };
		4EE05B8F19084E99001C07B3 /* Enemy.h */ = {isa = PBXFileReference; fileEncoding = 4; lastKnownFileType = sourcecode.c.h; path = Enemy.h; sourceTree = "<group>"; };
		4EED8E68192041FC00EE5E8F /* MenuButton.cpp */ = {isa = PBXFileReference; fileEncoding = 4; lastKnownFileType = sourcecode.cpp.cpp; path = MenuButton.cpp; sourceTree = "<group>"; };
		4EED8E69192041FC00EE5E8F /* MenuButton.h */ = {isa = PBXFileReference; fileEncoding = 4; lastKnownFileType = sourcecode.c.h; path = MenuButton.h; sourceTree = "<group>"; };
		4EFDF78C1923FDB1007B7624 /* AnimatedGraphic.cpp */ = {isa = PBXFileReference; fileEncoding = 4; lastKnownFileType = sourcecode.cpp.cpp; path = AnimatedGraphic.cpp; sourceTree = "<group>"; };
		4EFDF78D1923FDB1007B7624 /* AnimatedGraphic.h */ = {isa = PBXFileReference; fileEncoding = 4; lastKnownFileType = sourcecode.c.h; path = AnimatedGraphic.h; sourceTree = "<group>"; };
		4EFDF78F192423BF007B7624 /* GameOverState.cpp */ = {isa = PBXFileReference; fileEncoding = 4; lastKnownFileType = sourcecode.cpp.cpp; path = GameOverState.cpp; sourceTree = "<group>"; };
		4EFDF790192423BF007B7624 /* GameOverState.h */ = {isa = PBXFileReference; fileEncoding = 4; lastKnownFileType = sourcecode.c.h; path = GameOverState.h; sourceTree = "<group>"; };
		4EFDF793192505C2007B7624 /* tinystr.cpp */ = {isa = PBXFileReference; fileEncoding = 4; lastKnownFileType = sourcecode.cpp.cpp; path = tinystr.cpp; sourceTree = "<group>"; };
		4EFDF794192505C2007B7624 /* tinystr.h */ = {isa = PBXFileReference; fileEncoding = 4; lastKnownFileType = sourcecode.c.h; path = tinystr.h; sourceTree = "<group>"; };
		4EFDF795192505C2007B7624 /* tinyxml.cpp */ = {isa = PBXFileReference; fileEncoding = 4; lastKnownFileType = sourcecode.cpp.cpp; path = tinyxml.cpp; sourceTree = "<group>"; };
		4EFDF796192505C2007B7624 /* tinyxml.h */ = {isa = PBXFileReference; fileEncoding = 4; lastKnownFileType = sourcecode.c.h; path = tinyxml.h; sourceTree = "<group>"; };
		4EFDF797192505C2007B7624 /* tinyxmlerror.cpp */ = {isa = PBXFileReference; fileEncoding = 4; lastKnownFileType = sourcecode.cpp.cpp; path = tinyxmlerror.cpp; sourceTree = "<group>"; };
		4EFDF798192505C2007B7624 /* tinyxmlparser.cpp */ = {isa = PBXFileReference; fileEncoding = 4; lastKnownFileType = sourcecode.cpp.cpp; path = tinyxmlparser.cpp; sourceTree = "<group>"; };
		4EFF5C42190741D3003074F9 /* SDL2_image.framework */ = {isa = PBXFileReference; lastKnownFileType = wrapper.framework; name = SDL2_image.framework; path = /Library/Frameworks/SDL2_image.framework; sourceTree = "<absolute>"; };
/* End PBXFileReference section */

/* Begin PBXFrameworksBuildPhase section */
		4E0AEB4D190421570031C463 /* Frameworks */ = {
			isa = PBXFrameworksBuildPhase;
			buildActionMask = 2147483647;
			files = (
				4E7D79A5195B6FBE009A4353 /* SDL2_mixer.framework in Frameworks */,
				4E1F09E31958CD2300F8C945 /* libz.dylib in Frameworks */,
				4EFF5C43190741D3003074F9 /* SDL2_image.framework in Frameworks */,
			);
			runOnlyForDeploymentPostprocessing = 0;
		};
/* End PBXFrameworksBuildPhase section */

/* Begin PBXGroup section */
		4E0AEB47190421570031C463 = {
			isa = PBXGroup;
			children = (
				4E0AEB52190421570031C463 /* SDLGameEngine */,
				4E5A76091911893000DB9464 /* Frameworks */,
				4E0AEB51190421570031C463 /* Products */,
			);
			sourceTree = "<group>";
		};
		4E0AEB51190421570031C463 /* Products */ = {
			isa = PBXGroup;
			children = (
				4E0AEB50190421570031C463 /* SDLGameEngine.app */,
			);
			name = Products;
			sourceTree = "<group>";
		};
		4E0AEB52190421570031C463 /* SDLGameEngine */ = {
			isa = PBXGroup;
			children = (
				4E5FFD5B192031A2002C1A3B /* main */,
				4E5C789A192843B500005DE3 /* script */,
				4E5FFD581920314A002C1A3B /* systems */,
				4E5FFD65192034E6002C1A3B /* gamestates */,
				4E5FFD591920315E002C1A3B /* objects */,
				4E1F09CE1958801000F8C945 /* level */,
				4E5FFD5A1920318E002C1A3B /* util */,
			);
			path = SDLGameEngine;
			sourceTree = "<group>";
		};
		4E1F09CE1958801000F8C945 /* level */ = {
			isa = PBXGroup;
			children = (
				4EFB1A9B19666AA90099F295 /* layers */,
				4E1F09CF1958803500F8C945 /* Level.cpp */,
				4E1F09D01958803500F8C945 /* Level.h */,
				4E1F09DA1958B23A00F8C945 /* LevelParser.cpp */,
				4E1F09DB1958B23A00F8C945 /* LevelParser.h */,
				4E88C54919A6A4B8007BFD57 /* TileSet.h */,
			);
			name = level;
			sourceTree = "<group>";
		};
		4E1F09DD1958C59A00F8C945 /* compression */ = {
			isa = PBXGroup;
			children = (
				4E1F09DE1958C5A200F8C945 /* base64.cpp */,
				4E1F09DF1958C5A200F8C945 /* base64.h */,
			);
			name = compression;
			sourceTree = "<group>";
		};
		4E5A76091911893000DB9464 /* Frameworks */ = {
			isa = PBXGroup;
			children = (
				4E7D79A4195B6FBE009A4353 /* SDL2_mixer.framework */,
				4E1F09E21958CD2300F8C945 /* libz.dylib */,
				4EFF5C42190741D3003074F9 /* SDL2_image.framework */,
			);
			name = Frameworks;
			path = SDLGameDevelopmentChapter1;
			sourceTree = "<group>";
		};
		4E5C789A192843B500005DE3 /* script */ = {
			isa = PBXGroup;
			children = (
				4E5C789C192843D300005DE3 /* StateParser.cpp */,
				4E5C789D192843D300005DE3 /* StateParser.h */,
				4EC0757B1989C7440055E3A9 /* res */,
				4EF1BCB819ABE37A0060BD3B /* 3rdparty */,
			);
			name = script;
			sourceTree = "<group>";
		};
		4E5FFD581920314A002C1A3B /* systems */ = {
			isa = PBXGroup;
			children = (
				4EC6C0A919AE44B400E29249 /* rendersystem */,
				4EC6C0A819AE449400E29249 /* inputsystem */,
				4EC6C0A719AE448600E29249 /* audiosystem */,
				4E9C5CCE1999A14700EAB417 /* eventsystem */,
			);
			name = systems;
			sourceTree = "<group>";
		};
		4E5FFD591920315E002C1A3B /* objects */ = {
			isa = PBXGroup;
			children = (
				4E7D79A9195B706A009A4353 /* ui */,
				4E7D79A8195B704D009A4353 /* generics */,
				4E458E5C1907EFA800BE4CB3 /* Player.cpp */,
				4E458E5D1907EFA800BE4CB3 /* Player.h */,
				4E2CB06319649E7F00A6B8FF /* Light.cpp */,
				4E2CB06419649E7F00A6B8FF /* Light.h */,
				4EE05B8E19084E99001C07B3 /* Enemy.cpp */,
				4EE05B8F19084E99001C07B3 /* Enemy.h */,
				4E919519199F9B2F00401C02 /* Item.cpp */,
				4E91951A199F9B2F00401C02 /* Item.h */,
			);
			name = objects;
			sourceTree = "<group>";
		};
		4E5FFD5A1920318E002C1A3B /* util */ = {
			isa = PBXGroup;
			children = (
				4E5A75FD191186E300DB9464 /* Vector2D.cpp */,
				4E5A75FE191186E300DB9464 /* Vector2D.h */,
			);
			name = util;
			sourceTree = "<group>";
		};
		4E5FFD5B192031A2002C1A3B /* main */ = {
			isa = PBXGroup;
			children = (
				4E0AEB53190421570031C463 /* main.cpp */,
				4E0AEB5A1904597F0031C463 /* Game.cpp */,
				4E0AEB5B1904597F0031C463 /* Game.h */,
			);
			name = main;
			sourceTree = "<group>";
		};
		4E5FFD65192034E6002C1A3B /* gamestates */ = {
			isa = PBXGroup;
			children = (
				4E7DAC561921615300FE5BBB /* IGameState.cpp */,
				4ED242CF19202CD30091132D /* IGameState.h */,
				4E5FFD62192034E2002C1A3B /* GameStateMachine.cpp */,
				4E5FFD63192034E2002C1A3B /* GameStateMachine.h */,
				4E7DAC581923077700FE5BBB /* PauseState.cpp */,
				4E7DAC591923077700FE5BBB /* PauseState.h */,
				4E5FFD5C192031C7002C1A3B /* MenuState.cpp */,
				4E5FFD5D192031C7002C1A3B /* MenuState.h */,
				4E5C789F19284BFB00005DE3 /* MainMenuState.cpp */,
				4E5C78A019284BFB00005DE3 /* MainMenuState.h */,
				4E5FFD5F1920342B002C1A3B /* PlayState.cpp */,
				4E5FFD601920342B002C1A3B /* PlayState.h */,
				4EFDF78F192423BF007B7624 /* GameOverState.cpp */,
				4EFDF790192423BF007B7624 /* GameOverState.h */,
			);
			name = gamestates;
			sourceTree = "<group>";
		};
		4E7D79A8195B704D009A4353 /* generics */ = {
			isa = PBXGroup;
			children = (
				4E9692391955E2E500C437AB /* GameObjectCreators.pch */,
				4EB8FD2319250CFC00C38B4F /* GameObjectFactory.cpp */,
				4EB8FD2419250CFC00C38B4F /* GameObjectFactory.h */,
				4E5A76001911872500DB9464 /* GameObjectParams.cpp */,
				4E5A76011911872500DB9464 /* GameObjectParams.h */,
				4E458E591907E78100BE4CB3 /* GameObject.cpp */,
				4E458E5A1907E78100BE4CB3 /* GameObject.h */,
				4E5A76061911891E00DB9464 /* SDLGameObject.cpp */,
				4E5A76071911891E00DB9464 /* SDLGameObject.h */,
			);
			name = generics;
			sourceTree = "<group>";
		};
		4E7D79A9195B706A009A4353 /* ui */ = {
			isa = PBXGroup;
			children = (
				4EFDF78C1923FDB1007B7624 /* AnimatedGraphic.cpp */,
				4EFDF78D1923FDB1007B7624 /* AnimatedGraphic.h */,
				4EED8E68192041FC00EE5E8F /* MenuButton.cpp */,
				4EED8E69192041FC00EE5E8F /* MenuButton.h */,
			);
			name = ui;
			sourceTree = "<group>";
		};
		4E9C5CCE1999A14700EAB417 /* eventsystem */ = {
			isa = PBXGroup;
			children = (
				4ECABB1C196B05E600CA4AB7 /* CollisionHandler.cpp */,
				4E63333D196C850D00CD2405 /* CollisionManager.cpp */,
				4E63333E196C850D00CD2405 /* CollisionManager.h */,
				4ECABB1D196B05E600CA4AB7 /* CollisionHandler.h */,
				4E228D2B1993F29F0015B26D /* EventManager.cpp */,
				4E228D2C1993F29F0015B26D /* EventManager.h */,
				4E2D1237199D4A6000702F86 /* Event.cpp */,
				4E2D1238199D4A6000702F86 /* Event.h */,
				4E01FCC0199A890000D023E3 /* EventHandler.cpp */,
				4E01FCC1199A890000D023E3 /* EventHandler.h */,
			);
			name = eventsystem;
			sourceTree = "<group>";
		};
		4EC0757B1989C7440055E3A9 /* res */ = {
			isa = PBXGroup;
			children = (
				4EC927DE198ECDAF00BEE30E /* Test.xml */,
				4EC0757C198ACA870055E3A9 /* library.xml */,
			);
			name = res;
			sourceTree = "<group>";
		};
		4EC6C0A719AE448600E29249 /* audiosystem */ = {
			isa = PBXGroup;
			children = (
				4E7D79A1195B6DA9009A4353 /* SoundManager.cpp */,
				4E7D79A2195B6DA9009A4353 /* SoundManager.h */,
			);
			name = audiosystem;
			sourceTree = "<group>";
		};
		4EC6C0A819AE449400E29249 /* inputsystem */ = {
			isa = PBXGroup;
			children = (
				4E985D7A1917D0E800EDCADD /* ControllerConfig.h */,
				4E859D611916C5C8005F17D4 /* InputHandler.cpp */,
				4E859D621916C5C8005F17D4 /* InputHandler.h */,
			);
			name = inputsystem;
			sourceTree = "<group>";
		};
		4EC6C0A919AE44B400E29249 /* rendersystem */ = {
			isa = PBXGroup;
			children = (
				4E69DA5919074510006E1788 /* TextureManager.cpp */,
				4E69DA5A19074510006E1788 /* TextureManager.h */,
				4E5C08531970A29C00A4917B /* Camera.cpp */,
				4E5C08541970A29C00A4917B /* Camera.h */,
				4EAF14BF1978327C00D46F7B /* TilesetManager.cpp */,
				4EAF14C01978327C00D46F7B /* TilesetManager.h */,
			);
			name = rendersystem;
			sourceTree = "<group>";
		};
		4EF1BCB819ABE37A0060BD3B /* 3rdparty */ = {
			isa = PBXGroup;
			children = (
				4EFDF792192505A0007B7624 /* xml */,
				4E1F09DD1958C59A00F8C945 /* compression */,
			);
			name = 3rdparty;
			sourceTree = "<group>";
		};
		4EFB1A9B19666AA90099F295 /* layers */ = {
			isa = PBXGroup;
			children = (
				4E1F09D31958921400F8C945 /* ILayer.h */,
				4E1F09D81958957900F8C945 /* ILayer.cpp */,
				4E1F09D5195893FF00F8C945 /* TileLayer.cpp */,
				4E1F09D6195893FF00F8C945 /* TileLayer.h */,
				4E239BA2195A4DC70084874F /* ObjectLayer.cpp */,
				4E239BA3195A4DC70084874F /* ObjectLayer.h */,
			);
			name = layers;
			sourceTree = "<group>";
		};
		4EFDF792192505A0007B7624 /* xml */ = {
			isa = PBXGroup;
			children = (
				4EFDF793192505C2007B7624 /* tinystr.cpp */,
				4EFDF794192505C2007B7624 /* tinystr.h */,
				4EFDF795192505C2007B7624 /* tinyxml.cpp */,
				4EFDF796192505C2007B7624 /* tinyxml.h */,
				4EFDF797192505C2007B7624 /* tinyxmlerror.cpp */,
				4EFDF798192505C2007B7624 /* tinyxmlparser.cpp */,
			);
			name = xml;
			sourceTree = "<group>";
		};
/* End PBXGroup section */

/* Begin PBXNativeTarget section */
		4E0AEB4F190421570031C463 /* SDLGameEngine */ = {
			isa = PBXNativeTarget;
			buildConfigurationList = 4E0AEB57190421570031C463 /* Build configuration list for PBXNativeTarget "SDLGameEngine" */;
			buildPhases = (
				4E0AEB4C190421570031C463 /* Sources */,
				4E0AEB4D190421570031C463 /* Frameworks */,
				4E0AEB4E190421570031C463 /* Scripts */,
			);
			buildRules = (
			);
			dependencies = (
			);
			name = SDLGameEngine;
			productName = SDLGameDevelopmentChapter1;
			productReference = 4E0AEB50190421570031C463 /* SDLGameEngine.app */;
			productType = "com.apple.product-type.application";
		};
/* End PBXNativeTarget section */

/* Begin PBXProject section */
		4E0AEB48190421570031C463 /* Project object */ = {
			isa = PBXProject;
			attributes = {
				LastUpgradeCheck = 0600;
				ORGANIZATIONNAME = "Evan Chapman";
			};
			buildConfigurationList = 4E0AEB4B190421570031C463 /* Build configuration list for PBXProject "SDLGameEngine" */;
			compatibilityVersion = "Xcode 3.2";
			developmentRegion = English;
			hasScannedForEncodings = 0;
			knownRegions = (
				en,
			);
			mainGroup = 4E0AEB47190421570031C463;
			productRefGroup = 4E0AEB51190421570031C463 /* Products */;
			projectDirPath = "";
			projectRoot = "";
			targets = (
				4E0AEB4F190421570031C463 /* SDLGameEngine */,
			);
		};
/* End PBXProject section */

/* Begin PBXSourcesBuildPhase section */
		4E0AEB4C190421570031C463 /* Sources */ = {
			isa = PBXSourcesBuildPhase;
			buildActionMask = 2147483647;
			files = (
				4E2CB06519649E7F00A6B8FF /* Light.cpp in Sources */,
				4E5C78A119284BFB00005DE3 /* MainMenuState.cpp in Sources */,
				4EE05B9019084E99001C07B3 /* Enemy.cpp in Sources */,
				4E1F09D11958803500F8C945 /* Level.cpp in Sources */,
				4E5C08551970A29C00A4917B /* Camera.cpp in Sources */,
				4EFDF79A192505C2007B7624 /* tinyxml.cpp in Sources */,
				4E91951B199F9B2F00401C02 /* Item.cpp in Sources */,
				4E7DAC571921615300FE5BBB /* IGameState.cpp in Sources */,
				4E7D79A3195B6DA9009A4353 /* SoundManager.cpp in Sources */,
				4ECABB1E196B05E600CA4AB7 /* CollisionHandler.cpp in Sources */,
				4E1F09DC1958B23A00F8C945 /* LevelParser.cpp in Sources */,
				4EED8E6A192041FC00EE5E8F /* MenuButton.cpp in Sources */,
				4E458E5B1907E78100BE4CB3 /* GameObject.cpp in Sources */,
				4E1F09E01958C5A200F8C945 /* base64.cpp in Sources */,
				4E5A76021911872500DB9464 /* GameObjectParams.cpp in Sources */,
				4E0AEB54190421570031C463 /* main.cpp in Sources */,
				4E5FFD5E192031C7002C1A3B /* MenuState.cpp in Sources */,
				4EB8FD2519250CFC00C38B4F /* GameObjectFactory.cpp in Sources */,
				4E0AEB5C1904597F0031C463 /* Game.cpp in Sources */,
				4E69DA5B19074510006E1788 /* TextureManager.cpp in Sources */,
				4E228D2D1993F29F0015B26D /* EventManager.cpp in Sources */,
				4E859D631916C5C8005F17D4 /* InputHandler.cpp in Sources */,
				4EAF14C11978327C00D46F7B /* TilesetManager.cpp in Sources */,
				4EFDF78E1923FDB1007B7624 /* AnimatedGraphic.cpp in Sources */,
				4E2D1239199D4A6000702F86 /* Event.cpp in Sources */,
				4EFDF79C192505C2007B7624 /* tinyxmlparser.cpp in Sources */,
				4EFDF79B192505C2007B7624 /* tinyxmlerror.cpp in Sources */,
				4E01FCC2199A890000D023E3 /* EventHandler.cpp in Sources */,
				4E5FFD611920342B002C1A3B /* PlayState.cpp in Sources */,
				4E1F09D7195893FF00F8C945 /* TileLayer.cpp in Sources */,
				4E1F09D91958957900F8C945 /* ILayer.cpp in Sources */,
				4E5FFD64192034E2002C1A3B /* GameStateMachine.cpp in Sources */,
				4EFDF791192423BF007B7624 /* GameOverState.cpp in Sources */,
				4E5A76081911891E00DB9464 /* SDLGameObject.cpp in Sources */,
				4E458E5E1907EFA800BE4CB3 /* Player.cpp in Sources */,
				4EFDF799192505C2007B7624 /* tinystr.cpp in Sources */,
				4E239BA4195A4DC70084874F /* ObjectLayer.cpp in Sources */,
				4E7DAC5A1923077700FE5BBB /* PauseState.cpp in Sources */,
				4E5C789E192843D300005DE3 /* StateParser.cpp in Sources */,
				4E63333F196C850D00CD2405 /* CollisionManager.cpp in Sources */,
				4E5A75FF191186E300DB9464 /* Vector2D.cpp in Sources */,
			);
			runOnlyForDeploymentPostprocessing = 0;
		};
/* End PBXSourcesBuildPhase section */

/* Begin XCBuildConfiguration section */
		4E0AEB55190421570031C463 /* Debug */ = {
			isa = XCBuildConfiguration;
			buildSettings = {
				ALWAYS_SEARCH_USER_PATHS = NO;
				CLANG_CXX_LANGUAGE_STANDARD = "gnu++0x";
				CLANG_CXX_LIBRARY = "libc++";
				CLANG_ENABLE_MODULES = YES;
				CLANG_ENABLE_OBJC_ARC = YES;
				CLANG_WARN_BOOL_CONVERSION = YES;
				CLANG_WARN_CONSTANT_CONVERSION = YES;
				CLANG_WARN_DIRECT_OBJC_ISA_USAGE = YES_ERROR;
				CLANG_WARN_EMPTY_BODY = YES;
				CLANG_WARN_ENUM_CONVERSION = YES;
				CLANG_WARN_INT_CONVERSION = YES;
				CLANG_WARN_OBJC_ROOT_CLASS = YES_ERROR;
				CLANG_WARN__DUPLICATE_METHOD_MATCH = YES;
				COPY_PHASE_STRIP = NO;
				GCC_C_LANGUAGE_STANDARD = gnu99;
				GCC_DYNAMIC_NO_PIC = NO;
				GCC_ENABLE_OBJC_EXCEPTIONS = YES;
				GCC_OPTIMIZATION_LEVEL = 0;
				GCC_PREPROCESSOR_DEFINITIONS = (
					"DEBUG=1",
					"$(inherited)",
				);
				GCC_SYMBOLS_PRIVATE_EXTERN = NO;
				GCC_WARN_64_TO_32_BIT_CONVERSION = YES;
				GCC_WARN_ABOUT_RETURN_TYPE = YES_ERROR;
				GCC_WARN_UNDECLARED_SELECTOR = YES;
				GCC_WARN_UNINITIALIZED_AUTOS = YES_AGGRESSIVE;
				GCC_WARN_UNUSED_FUNCTION = YES;
				GCC_WARN_UNUSED_VARIABLE = YES;
				MACOSX_DEPLOYMENT_TARGET = 10.9;
				ONLY_ACTIVE_ARCH = YES;
				SDKROOT = macosx;
			};
			name = Debug;
		};
		4E0AEB56190421570031C463 /* Release */ = {
			isa = XCBuildConfiguration;
			buildSettings = {
				ALWAYS_SEARCH_USER_PATHS = NO;
				CLANG_CXX_LANGUAGE_STANDARD = "gnu++0x";
				CLANG_CXX_LIBRARY = "libc++";
				CLANG_ENABLE_MODULES = YES;
				CLANG_ENABLE_OBJC_ARC = YES;
				CLANG_WARN_BOOL_CONVERSION = YES;
				CLANG_WARN_CONSTANT_CONVERSION = YES;
				CLANG_WARN_DIRECT_OBJC_ISA_USAGE = YES_ERROR;
				CLANG_WARN_EMPTY_BODY = YES;
				CLANG_WARN_ENUM_CONVERSION = YES;
				CLANG_WARN_INT_CONVERSION = YES;
				CLANG_WARN_OBJC_ROOT_CLASS = YES_ERROR;
				CLANG_WARN__DUPLICATE_METHOD_MATCH = YES;
				COPY_PHASE_STRIP = YES;
				DEBUG_INFORMATION_FORMAT = "dwarf-with-dsym";
				ENABLE_NS_ASSERTIONS = NO;
				GCC_C_LANGUAGE_STANDARD = gnu99;
				GCC_ENABLE_OBJC_EXCEPTIONS = YES;
				GCC_WARN_64_TO_32_BIT_CONVERSION = YES;
				GCC_WARN_ABOUT_RETURN_TYPE = YES_ERROR;
				GCC_WARN_UNDECLARED_SELECTOR = YES;
				GCC_WARN_UNINITIALIZED_AUTOS = YES_AGGRESSIVE;
				GCC_WARN_UNUSED_FUNCTION = YES;
				GCC_WARN_UNUSED_VARIABLE = YES;
				MACOSX_DEPLOYMENT_TARGET = 10.9;
				SDKROOT = macosx;
			};
			name = Release;
		};
		4E0AEB58190421570031C463 /* Debug */ = {
			isa = XCBuildConfiguration;
			buildSettings = {
				COMBINE_HIDPI_IMAGES = YES;
				FRAMEWORK_SEARCH_PATHS = (
					/Library/Frameworks,
					"$(LOCAL_LIBRARY_DIR)/Frameworks",
				);
				HEADER_SEARCH_PATHS = (
					/opt/local/include,
					/usr/include,
					/usr/local/include,
				);
				LIBRARY_SEARCH_PATHS = /usr/lib;
				OTHER_LDFLAGS = (
					"-framework",
					cocoa,
					"-framework",
					SDL2,
				);
				PRODUCT_NAME = SDLGameEngine;
				USER_HEADER_SEARCH_PATHS = "";
			};
			name = Debug;
		};
		4E0AEB59190421570031C463 /* Release */ = {
			isa = XCBuildConfiguration;
			buildSettings = {
				COMBINE_HIDPI_IMAGES = YES;
				FRAMEWORK_SEARCH_PATHS = (
					/Library/Frameworks,
					"$(LOCAL_LIBRARY_DIR)/Frameworks",
				);
				HEADER_SEARCH_PATHS = (
					/opt/local/include,
					/usr/include,
					/usr/local/include,
				);
				LIBRARY_SEARCH_PATHS = /usr/lib;
				OTHER_LDFLAGS = (
					"-framework",
					cocoa,
					"-framework",
					SDL2,
				);
				PRODUCT_NAME = SDLGameEngine;
				USER_HEADER_SEARCH_PATHS = "";
			};
			name = Release;
		};
/* End XCBuildConfiguration section */

/* Begin XCConfigurationList section */
		4E0AEB4B190421570031C463 /* Build configuration list for PBXProject "SDLGameEngine" */ = {
			isa = XCConfigurationList;
			buildConfigurations = (
				4E0AEB55190421570031C463 /* Debug */,
				4E0AEB56190421570031C463 /* Release */,
			);
			defaultConfigurationIsVisible = 0;
			defaultConfigurationName = Release;
		};
		4E0AEB57190421570031C463 /* Build configuration list for PBXNativeTarget "SDLGameEngine" */ = {
			isa = XCConfigurationList;
			buildConfigurations = (
				4E0AEB58190421570031C463 /* Debug */,
				4E0AEB59190421570031C463 /* Release */,
			);
			defaultConfigurationIsVisible = 0;
			defaultConfigurationName = Release;
		};
/* End XCConfigurationList section */
	};
	rootObject = 4E0AEB48190421570031C463 /* Project object */;
}
